PODS:
  - IQKeyboardManagerSwift (6.5.10)
  - SnapKit (5.6.0)
  - SwiftGen (6.6.2)

DEPENDENCIES:
  - IQKeyboardManagerSwift
  - SnapKit
  - SwiftGen

SPEC REPOS:
  trunk:
    - IQKeyboardManagerSwift
    - SnapKit
    - SwiftGen

SPEC CHECKSUMS:
  IQKeyboardManagerSwift: 52962c76ab33532f15ad9f3ff4e5715eda5335bb
  SnapKit: e01d52ebb8ddbc333eefe2132acf85c8227d9c25
  SwiftGen: 1366a7f71aeef49954ca5a63ba4bef6b0f24138c

PODFILE CHECKSUM: 714baf2b1d71cc3221b57ba1f622ad8fb0b244ad

COCOAPODS: 1.11.3
