PODS:
  - SnapKit (5.6.0)
  - Swinject (2.8.2)

DEPENDENCIES:
  - SnapKit
  - Swinject

SPEC REPOS:
  trunk:
    - SnapKit
    - Swinject

SPEC CHECKSUMS:
  SnapKit: e01d52ebb8ddbc333eefe2132acf85c8227d9c25
  Swinject: b4a11b31992e8668308dc594ba1cb9b3164a37ab

PODFILE CHECKSUM: ab07ebf1929d3d33ed616cfa1c9af42252e48695

COCOAPODS: 1.11.3
