// !$*UTF8*$!
{
	archiveVersion = 1;
	classes = {
	};
	objectVersion = 55;
	objects = {

/* Begin PBXBuildFile section */
		8A093F6F294D030C0088C9A1 /* XCAssets+Generated.swift in Sources */ = {isa = PBXBuildFile; fileRef = 8A093F6D294D030C0088C9A1 /* XCAssets+Generated.swift */; };
		8A093F70294D030C0088C9A1 /* Strings.swift in Sources */ = {isa = PBXBuildFile; fileRef = 8A093F6E294D030C0088C9A1 /* Strings.swift */; };
		8A093F7F294D04260088C9A1 /* LaunchScreen.storyboard in Resources */ = {isa = PBXBuildFile; fileRef = 8A093F7B294D04260088C9A1 /* LaunchScreen.storyboard */; };
		8A093F80294D04260088C9A1 /* Localize.strings in Resources */ = {isa = PBXBuildFile; fileRef = 8A093F7D294D04260088C9A1 /* Localize.strings */; };
		8A0D8BE729573E7F0048FA63 /* MainSection.swift in Sources */ = {isa = PBXBuildFile; fileRef = 8A0D8BE629573E7F0048FA63 /* MainSection.swift */; };
		8A0D8BE929573E8D0048FA63 /* MainSectionItem.swift in Sources */ = {isa = PBXBuildFile; fileRef = 8A0D8BE829573E8D0048FA63 /* MainSectionItem.swift */; };
		8A1623EE294D1E690068744D /* TableCellViewModel.swift in Sources */ = {isa = PBXBuildFile; fileRef = 8A1623ED294D1E690068744D /* TableCellViewModel.swift */; };
		8A1623F6294D2A1B0068744D /* CollectionViewCell.swift in Sources */ = {isa = PBXBuildFile; fileRef = 8A1623F5294D2A1B0068744D /* CollectionViewCell.swift */; };
		8A1623F8294DE2490068744D /* Settings.swift in Sources */ = {isa = PBXBuildFile; fileRef = 8A1623F7294DE2490068744D /* Settings.swift */; };
		8A1623FC294DF49C0068744D /* TitleTableCell.swift in Sources */ = {isa = PBXBuildFile; fileRef = 8A1623FB294DF49C0068744D /* TitleTableCell.swift */; };
		8A1623FF294DF9080068744D /* TableCellViewModelConstructor.swift in Sources */ = {isa = PBXBuildFile; fileRef = 8A1623FE294DF9080068744D /* TableCellViewModelConstructor.swift */; };
		8A162401294DFF720068744D /* UITableView+Extension.swift in Sources */ = {isa = PBXBuildFile; fileRef = 8A162400294DFF720068744D /* UITableView+Extension.swift */; };
		8A162403294E02D20068744D /* LightTheme.swift in Sources */ = {isa = PBXBuildFile; fileRef = 8A162402294E02D20068744D /* LightTheme.swift */; };
		8A162406294E03F00068744D /* DividerTableCell.swift in Sources */ = {isa = PBXBuildFile; fileRef = 8A162405294E03F00068744D /* DividerTableCell.swift */; };
		8A162409294E18460068744D /* VariablesConstraintsTableCell.swift in Sources */ = {isa = PBXBuildFile; fileRef = 8A162408294E18460068744D /* VariablesConstraintsTableCell.swift */; };
		8A49B75B295274D500EA18C6 /* MainButton.swift in Sources */ = {isa = PBXBuildFile; fileRef = 8A49B75A295274D500EA18C6 /* MainButton.swift */; };
		8A49B75E2952817E00EA18C6 /* RadiobuttonTableCellViewModel.swift in Sources */ = {isa = PBXBuildFile; fileRef = 8A49B75D2952817E00EA18C6 /* RadiobuttonTableCellViewModel.swift */; };
		8A4FD6872957BD1A009A6FCE /* MainViewControllerModel.swift in Sources */ = {isa = PBXBuildFile; fileRef = 8A4FD6862957BD1A009A6FCE /* MainViewControllerModel.swift */; };
		8A4FD68D29589823009A6FCE /* TabbarController.swift in Sources */ = {isa = PBXBuildFile; fileRef = 8A4FD68C29589823009A6FCE /* TabbarController.swift */; };
		8A6CDB70294E8B06005B2D7F /* ButtonTableCell.swift in Sources */ = {isa = PBXBuildFile; fileRef = 8A6CDB6F294E8B06005B2D7F /* ButtonTableCell.swift */; };
		8AB42B18294BCCA600C04DF9 /* Coordinator.swift in Sources */ = {isa = PBXBuildFile; fileRef = 8AB42B17294BCCA600C04DF9 /* Coordinator.swift */; };
		8AB42B1A294BCD2500C04DF9 /* Theme.swift in Sources */ = {isa = PBXBuildFile; fileRef = 8AB42B19294BCD2500C04DF9 /* Theme.swift */; };
		8AB42B1C294BCD9500C04DF9 /* DesignManager.swift in Sources */ = {isa = PBXBuildFile; fileRef = 8AB42B1B294BCD9500C04DF9 /* DesignManager.swift */; };
		8AB42B1F294BCE2700C04DF9 /* UIColor+Extension.swift in Sources */ = {isa = PBXBuildFile; fileRef = 8AB42B1E294BCE2700C04DF9 /* UIColor+Extension.swift */; };
		8AB42B21294BCEE500C04DF9 /* SemanticColor.swift in Sources */ = {isa = PBXBuildFile; fileRef = 8AB42B20294BCEE500C04DF9 /* SemanticColor.swift */; };
		8AB42B23294BD1C300C04DF9 /* BaseController.swift in Sources */ = {isa = PBXBuildFile; fileRef = 8AB42B22294BD1C300C04DF9 /* BaseController.swift */; };
		8AB42B27294BD5D500C04DF9 /* ConfigurableItem.swift in Sources */ = {isa = PBXBuildFile; fileRef = 8AB42B26294BD5D500C04DF9 /* ConfigurableItem.swift */; };
		8AB42B2D294BD98900C04DF9 /* RadiobuttonTableCell.swift in Sources */ = {isa = PBXBuildFile; fileRef = 8AB42B2C294BD98900C04DF9 /* RadiobuttonTableCell.swift */; };
		8AD07B3E294BB9560065E7D8 /* AppDelegate.swift in Sources */ = {isa = PBXBuildFile; fileRef = 8AD07B3D294BB9560065E7D8 /* AppDelegate.swift */; };
		8AD07B42294BB9560065E7D8 /* MainViewController.swift in Sources */ = {isa = PBXBuildFile; fileRef = 8AD07B41294BB9560065E7D8 /* MainViewController.swift */; };
		8AD07B47294BB9570065E7D8 /* Assets.xcassets in Resources */ = {isa = PBXBuildFile; fileRef = 8AD07B46294BB9570065E7D8 /* Assets.xcassets */; };
		8AD07B56294BBD2C0065E7D8 /* MainViewModel.swift in Sources */ = {isa = PBXBuildFile; fileRef = 8AD07B55294BBD2C0065E7D8 /* MainViewModel.swift */; };
		8AD07B59294BBD540065E7D8 /* MainCoordinator.swift in Sources */ = {isa = PBXBuildFile; fileRef = 8AD07B58294BBD540065E7D8 /* MainCoordinator.swift */; };
		8AF5AA292958CF4E00B75D4B /* MockController.swift in Sources */ = {isa = PBXBuildFile; fileRef = 8AF5AA282958CF4E00B75D4B /* MockController.swift */; };
		8AF5AA302958D65500B75D4B /* CustomTabbar.swift in Sources */ = {isa = PBXBuildFile; fileRef = 8AF5AA2F2958D65500B75D4B /* CustomTabbar.swift */; };
		8AF8C86A29536F04007246E2 /* UIView+Reusable.swift in Sources */ = {isa = PBXBuildFile; fileRef = 8AF8C86929536F04007246E2 /* UIView+Reusable.swift */; };
		8AF8C86C29536F62007246E2 /* Reusable.swift in Sources */ = {isa = PBXBuildFile; fileRef = 8AF8C86B29536F62007246E2 /* Reusable.swift */; };
		8AF8C86F29536FA3007246E2 /* UITableViewCell+Extension.swift in Sources */ = {isa = PBXBuildFile; fileRef = 8AF8C86E29536FA3007246E2 /* UITableViewCell+Extension.swift */; };
		8AF8C872295380C3007246E2 /* TitleTableCellViewModel.swift in Sources */ = {isa = PBXBuildFile; fileRef = 8AF8C871295380C3007246E2 /* TitleTableCellViewModel.swift */; };
		8AF8C87529538181007246E2 /* DividerTableCellViewModel.swift in Sources */ = {isa = PBXBuildFile; fileRef = 8AF8C87429538181007246E2 /* DividerTableCellViewModel.swift */; };
		8AF8C877295381D6007246E2 /* RadiobuttonCellProtocols.swift in Sources */ = {isa = PBXBuildFile; fileRef = 8AF8C876295381D6007246E2 /* RadiobuttonCellProtocols.swift */; };
		8AF8C87A295382BE007246E2 /* VariablesAndConstraintsTableCellViewModel.swift in Sources */ = {isa = PBXBuildFile; fileRef = 8AF8C879295382BE007246E2 /* VariablesAndConstraintsTableCellViewModel.swift */; };
		8AF8C87C295382D0007246E2 /* VariablesAndConstraintsCellProtocols.swift in Sources */ = {isa = PBXBuildFile; fileRef = 8AF8C87B295382D0007246E2 /* VariablesAndConstraintsCellProtocols.swift */; };
		8AF8C87F29538358007246E2 /* ButtonTableCellViewModel.swift in Sources */ = {isa = PBXBuildFile; fileRef = 8AF8C87E29538358007246E2 /* ButtonTableCellViewModel.swift */; };
		8AF8C88129538BA7007246E2 /* BottomLineTextField.swift in Sources */ = {isa = PBXBuildFile; fileRef = 8AF8C88029538BA7007246E2 /* BottomLineTextField.swift */; };
		8AF8C8852953AB59007246E2 /* ButtonCellProtocols.swift in Sources */ = {isa = PBXBuildFile; fileRef = 8AF8C8842953AB59007246E2 /* ButtonCellProtocols.swift */; };
		8AF8C88A2953B074007246E2 /* TitleCollectionHeader.swift in Sources */ = {isa = PBXBuildFile; fileRef = 8AF8C8892953B074007246E2 /* TitleCollectionHeader.swift */; };
		8AF8C88E2953B2F0007246E2 /* CollectionHeaderConstructor.swift in Sources */ = {isa = PBXBuildFile; fileRef = 8AF8C88D2953B2F0007246E2 /* CollectionHeaderConstructor.swift */; };
		8AF8C8902953B7E3007246E2 /* Fonts.swift in Sources */ = {isa = PBXBuildFile; fileRef = 8AF8C88F2953B7E3007246E2 /* Fonts.swift */; };
		8AF8C8AB2953BC02007246E2 /* Nunito-Medium.ttf in Resources */ = {isa = PBXBuildFile; fileRef = 8AF8C8A32953BC02007246E2 /* Nunito-Medium.ttf */; };
		8AF8C8AC2953BC02007246E2 /* Nunito-ExtraBold.ttf in Resources */ = {isa = PBXBuildFile; fileRef = 8AF8C8A42953BC02007246E2 /* Nunito-ExtraBold.ttf */; };
		8AF8C8AD2953BC02007246E2 /* Nunito-Light.ttf in Resources */ = {isa = PBXBuildFile; fileRef = 8AF8C8A52953BC02007246E2 /* Nunito-Light.ttf */; };
		8AF8C8AE2953BC02007246E2 /* Nunito-Regular.ttf in Resources */ = {isa = PBXBuildFile; fileRef = 8AF8C8A62953BC02007246E2 /* Nunito-Regular.ttf */; };
		8AF8C8AF2953BC02007246E2 /* Nunito-SemiBold.ttf in Resources */ = {isa = PBXBuildFile; fileRef = 8AF8C8A72953BC02007246E2 /* Nunito-SemiBold.ttf */; };
		8AF8C8B02953BC02007246E2 /* Nunito-Bold.ttf in Resources */ = {isa = PBXBuildFile; fileRef = 8AF8C8A82953BC02007246E2 /* Nunito-Bold.ttf */; };
		8AF8C8B12953BC02007246E2 /* Nunito-Black.ttf in Resources */ = {isa = PBXBuildFile; fileRef = 8AF8C8A92953BC02007246E2 /* Nunito-Black.ttf */; };
		8AF8C8B22953BC02007246E2 /* Nunito-ExtraLight.ttf in Resources */ = {isa = PBXBuildFile; fileRef = 8AF8C8AA2953BC02007246E2 /* Nunito-ExtraLight.ttf */; };
		D8A092C90C716E8849F098A6 /* Pods_MIO_lineika.framework in Frameworks */ = {isa = PBXBuildFile; fileRef = F4B124CA2ACD349AA63A5448 /* Pods_MIO_lineika.framework */; };
/* End PBXBuildFile section */

/* Begin PBXFileReference section */
		8A093F6D294D030C0088C9A1 /* XCAssets+Generated.swift */ = {isa = PBXFileReference; fileEncoding = 4; lastKnownFileType = sourcecode.swift; path = "XCAssets+Generated.swift"; sourceTree = "<group>"; };
		8A093F6E294D030C0088C9A1 /* Strings.swift */ = {isa = PBXFileReference; fileEncoding = 4; lastKnownFileType = sourcecode.swift; path = Strings.swift; sourceTree = "<group>"; };
		8A093F7C294D04260088C9A1 /* en */ = {isa = PBXFileReference; lastKnownFileType = file.storyboard; name = en; path = LaunchScreen.storyboard; sourceTree = "<group>"; };
		8A093F7E294D04260088C9A1 /* en */ = {isa = PBXFileReference; lastKnownFileType = text.plist.strings; name = en; path = Localize.strings; sourceTree = "<group>"; };
		8A0D8BE629573E7F0048FA63 /* MainSection.swift */ = {isa = PBXFileReference; lastKnownFileType = sourcecode.swift; path = MainSection.swift; sourceTree = "<group>"; };
		8A0D8BE829573E8D0048FA63 /* MainSectionItem.swift */ = {isa = PBXFileReference; lastKnownFileType = sourcecode.swift; path = MainSectionItem.swift; sourceTree = "<group>"; };
		8A1623ED294D1E690068744D /* TableCellViewModel.swift */ = {isa = PBXFileReference; lastKnownFileType = sourcecode.swift; path = TableCellViewModel.swift; sourceTree = "<group>"; };
		8A1623F5294D2A1B0068744D /* CollectionViewCell.swift */ = {isa = PBXFileReference; lastKnownFileType = sourcecode.swift; path = CollectionViewCell.swift; sourceTree = "<group>"; };
		8A1623F7294DE2490068744D /* Settings.swift */ = {isa = PBXFileReference; lastKnownFileType = sourcecode.swift; path = Settings.swift; sourceTree = "<group>"; };
		8A1623FB294DF49C0068744D /* TitleTableCell.swift */ = {isa = PBXFileReference; lastKnownFileType = sourcecode.swift; path = TitleTableCell.swift; sourceTree = "<group>"; };
		8A1623FE294DF9080068744D /* TableCellViewModelConstructor.swift */ = {isa = PBXFileReference; lastKnownFileType = sourcecode.swift; path = TableCellViewModelConstructor.swift; sourceTree = "<group>"; };
		8A162400294DFF720068744D /* UITableView+Extension.swift */ = {isa = PBXFileReference; lastKnownFileType = sourcecode.swift; path = "UITableView+Extension.swift"; sourceTree = "<group>"; };
		8A162402294E02D20068744D /* LightTheme.swift */ = {isa = PBXFileReference; lastKnownFileType = sourcecode.swift; path = LightTheme.swift; sourceTree = "<group>"; };
		8A162405294E03F00068744D /* DividerTableCell.swift */ = {isa = PBXFileReference; lastKnownFileType = sourcecode.swift; path = DividerTableCell.swift; sourceTree = "<group>"; };
		8A162408294E18460068744D /* VariablesConstraintsTableCell.swift */ = {isa = PBXFileReference; lastKnownFileType = sourcecode.swift; path = VariablesConstraintsTableCell.swift; sourceTree = "<group>"; };
		8A49B75A295274D500EA18C6 /* MainButton.swift */ = {isa = PBXFileReference; lastKnownFileType = sourcecode.swift; path = MainButton.swift; sourceTree = "<group>"; };
		8A49B75D2952817E00EA18C6 /* RadiobuttonTableCellViewModel.swift */ = {isa = PBXFileReference; lastKnownFileType = sourcecode.swift; path = RadiobuttonTableCellViewModel.swift; sourceTree = "<group>"; };
		8A4FD6862957BD1A009A6FCE /* MainViewControllerModel.swift */ = {isa = PBXFileReference; lastKnownFileType = sourcecode.swift; path = MainViewControllerModel.swift; sourceTree = "<group>"; };
		8A4FD68C29589823009A6FCE /* TabbarController.swift */ = {isa = PBXFileReference; lastKnownFileType = sourcecode.swift; path = TabbarController.swift; sourceTree = "<group>"; };
		8A6CDB6F294E8B06005B2D7F /* ButtonTableCell.swift */ = {isa = PBXFileReference; lastKnownFileType = sourcecode.swift; path = ButtonTableCell.swift; sourceTree = "<group>"; };
		8AB42B17294BCCA600C04DF9 /* Coordinator.swift */ = {isa = PBXFileReference; lastKnownFileType = sourcecode.swift; path = Coordinator.swift; sourceTree = "<group>"; };
		8AB42B19294BCD2500C04DF9 /* Theme.swift */ = {isa = PBXFileReference; lastKnownFileType = sourcecode.swift; path = Theme.swift; sourceTree = "<group>"; };
		8AB42B1B294BCD9500C04DF9 /* DesignManager.swift */ = {isa = PBXFileReference; lastKnownFileType = sourcecode.swift; path = DesignManager.swift; sourceTree = "<group>"; };
		8AB42B1E294BCE2700C04DF9 /* UIColor+Extension.swift */ = {isa = PBXFileReference; lastKnownFileType = sourcecode.swift; path = "UIColor+Extension.swift"; sourceTree = "<group>"; };
		8AB42B20294BCEE500C04DF9 /* SemanticColor.swift */ = {isa = PBXFileReference; lastKnownFileType = sourcecode.swift; path = SemanticColor.swift; sourceTree = "<group>"; };
		8AB42B22294BD1C300C04DF9 /* BaseController.swift */ = {isa = PBXFileReference; lastKnownFileType = sourcecode.swift; path = BaseController.swift; sourceTree = "<group>"; };
		8AB42B26294BD5D500C04DF9 /* ConfigurableItem.swift */ = {isa = PBXFileReference; lastKnownFileType = sourcecode.swift; path = ConfigurableItem.swift; sourceTree = "<group>"; };
		8AB42B2C294BD98900C04DF9 /* RadiobuttonTableCell.swift */ = {isa = PBXFileReference; lastKnownFileType = sourcecode.swift; path = RadiobuttonTableCell.swift; sourceTree = "<group>"; };
		8AD07B3A294BB9560065E7D8 /* MIO-lineika.app */ = {isa = PBXFileReference; explicitFileType = wrapper.application; includeInIndex = 0; path = "MIO-lineika.app"; sourceTree = BUILT_PRODUCTS_DIR; };
		8AD07B3D294BB9560065E7D8 /* AppDelegate.swift */ = {isa = PBXFileReference; lastKnownFileType = sourcecode.swift; path = AppDelegate.swift; sourceTree = "<group>"; };
		8AD07B41294BB9560065E7D8 /* MainViewController.swift */ = {isa = PBXFileReference; lastKnownFileType = sourcecode.swift; path = MainViewController.swift; sourceTree = "<group>"; };
		8AD07B46294BB9570065E7D8 /* Assets.xcassets */ = {isa = PBXFileReference; lastKnownFileType = folder.assetcatalog; path = Assets.xcassets; sourceTree = "<group>"; };
		8AD07B4B294BB9570065E7D8 /* Info.plist */ = {isa = PBXFileReference; lastKnownFileType = text.plist.xml; path = Info.plist; sourceTree = "<group>"; };
		8AD07B55294BBD2C0065E7D8 /* MainViewModel.swift */ = {isa = PBXFileReference; lastKnownFileType = sourcecode.swift; path = MainViewModel.swift; sourceTree = "<group>"; };
		8AD07B58294BBD540065E7D8 /* MainCoordinator.swift */ = {isa = PBXFileReference; lastKnownFileType = sourcecode.swift; path = MainCoordinator.swift; sourceTree = "<group>"; };
		8AF5AA282958CF4E00B75D4B /* MockController.swift */ = {isa = PBXFileReference; lastKnownFileType = sourcecode.swift; path = MockController.swift; sourceTree = "<group>"; };
		8AF5AA2F2958D65500B75D4B /* CustomTabbar.swift */ = {isa = PBXFileReference; lastKnownFileType = sourcecode.swift; path = CustomTabbar.swift; sourceTree = "<group>"; };
		8AF8C86929536F04007246E2 /* UIView+Reusable.swift */ = {isa = PBXFileReference; lastKnownFileType = sourcecode.swift; path = "UIView+Reusable.swift"; sourceTree = "<group>"; };
		8AF8C86B29536F62007246E2 /* Reusable.swift */ = {isa = PBXFileReference; lastKnownFileType = sourcecode.swift; path = Reusable.swift; sourceTree = "<group>"; };
		8AF8C86E29536FA3007246E2 /* UITableViewCell+Extension.swift */ = {isa = PBXFileReference; lastKnownFileType = sourcecode.swift; path = "UITableViewCell+Extension.swift"; sourceTree = "<group>"; };
		8AF8C871295380C3007246E2 /* TitleTableCellViewModel.swift */ = {isa = PBXFileReference; lastKnownFileType = sourcecode.swift; path = TitleTableCellViewModel.swift; sourceTree = "<group>"; };
		8AF8C87429538181007246E2 /* DividerTableCellViewModel.swift */ = {isa = PBXFileReference; lastKnownFileType = sourcecode.swift; path = DividerTableCellViewModel.swift; sourceTree = "<group>"; };
		8AF8C876295381D6007246E2 /* RadiobuttonCellProtocols.swift */ = {isa = PBXFileReference; lastKnownFileType = sourcecode.swift; path = RadiobuttonCellProtocols.swift; sourceTree = "<group>"; };
		8AF8C879295382BE007246E2 /* VariablesAndConstraintsTableCellViewModel.swift */ = {isa = PBXFileReference; lastKnownFileType = sourcecode.swift; path = VariablesAndConstraintsTableCellViewModel.swift; sourceTree = "<group>"; };
		8AF8C87B295382D0007246E2 /* VariablesAndConstraintsCellProtocols.swift */ = {isa = PBXFileReference; lastKnownFileType = sourcecode.swift; path = VariablesAndConstraintsCellProtocols.swift; sourceTree = "<group>"; };
		8AF8C87E29538358007246E2 /* ButtonTableCellViewModel.swift */ = {isa = PBXFileReference; lastKnownFileType = sourcecode.swift; path = ButtonTableCellViewModel.swift; sourceTree = "<group>"; };
		8AF8C88029538BA7007246E2 /* BottomLineTextField.swift */ = {isa = PBXFileReference; lastKnownFileType = sourcecode.swift; path = BottomLineTextField.swift; sourceTree = "<group>"; };
		8AF8C8842953AB59007246E2 /* ButtonCellProtocols.swift */ = {isa = PBXFileReference; lastKnownFileType = sourcecode.swift; path = ButtonCellProtocols.swift; sourceTree = "<group>"; };
		8AF8C8892953B074007246E2 /* TitleCollectionHeader.swift */ = {isa = PBXFileReference; lastKnownFileType = sourcecode.swift; path = TitleCollectionHeader.swift; sourceTree = "<group>"; };
		8AF8C88D2953B2F0007246E2 /* CollectionHeaderConstructor.swift */ = {isa = PBXFileReference; lastKnownFileType = sourcecode.swift; path = CollectionHeaderConstructor.swift; sourceTree = "<group>"; };
		8AF8C88F2953B7E3007246E2 /* Fonts.swift */ = {isa = PBXFileReference; fileEncoding = 4; lastKnownFileType = sourcecode.swift; path = Fonts.swift; sourceTree = "<group>"; };
		8AF8C8A32953BC02007246E2 /* Nunito-Medium.ttf */ = {isa = PBXFileReference; lastKnownFileType = file; path = "Nunito-Medium.ttf"; sourceTree = "<group>"; };
		8AF8C8A42953BC02007246E2 /* Nunito-ExtraBold.ttf */ = {isa = PBXFileReference; lastKnownFileType = file; path = "Nunito-ExtraBold.ttf"; sourceTree = "<group>"; };
		8AF8C8A52953BC02007246E2 /* Nunito-Light.ttf */ = {isa = PBXFileReference; lastKnownFileType = file; path = "Nunito-Light.ttf"; sourceTree = "<group>"; };
		8AF8C8A62953BC02007246E2 /* Nunito-Regular.ttf */ = {isa = PBXFileReference; lastKnownFileType = file; path = "Nunito-Regular.ttf"; sourceTree = "<group>"; };
		8AF8C8A72953BC02007246E2 /* Nunito-SemiBold.ttf */ = {isa = PBXFileReference; lastKnownFileType = file; path = "Nunito-SemiBold.ttf"; sourceTree = "<group>"; };
		8AF8C8A82953BC02007246E2 /* Nunito-Bold.ttf */ = {isa = PBXFileReference; lastKnownFileType = file; path = "Nunito-Bold.ttf"; sourceTree = "<group>"; };
		8AF8C8A92953BC02007246E2 /* Nunito-Black.ttf */ = {isa = PBXFileReference; lastKnownFileType = file; path = "Nunito-Black.ttf"; sourceTree = "<group>"; };
		8AF8C8AA2953BC02007246E2 /* Nunito-ExtraLight.ttf */ = {isa = PBXFileReference; lastKnownFileType = file; path = "Nunito-ExtraLight.ttf"; sourceTree = "<group>"; };
		CC19E05BC1C01E5DCE7A8EA2 /* Pods-MIO-lineika.release.xcconfig */ = {isa = PBXFileReference; includeInIndex = 1; lastKnownFileType = text.xcconfig; name = "Pods-MIO-lineika.release.xcconfig"; path = "Target Support Files/Pods-MIO-lineika/Pods-MIO-lineika.release.xcconfig"; sourceTree = "<group>"; };
		EC375CF9809B23AB1AAEDFCD /* Pods-MIO-lineika.debug.xcconfig */ = {isa = PBXFileReference; includeInIndex = 1; lastKnownFileType = text.xcconfig; name = "Pods-MIO-lineika.debug.xcconfig"; path = "Target Support Files/Pods-MIO-lineika/Pods-MIO-lineika.debug.xcconfig"; sourceTree = "<group>"; };
		F4B124CA2ACD349AA63A5448 /* Pods_MIO_lineika.framework */ = {isa = PBXFileReference; explicitFileType = wrapper.framework; includeInIndex = 0; path = Pods_MIO_lineika.framework; sourceTree = BUILT_PRODUCTS_DIR; };
/* End PBXFileReference section */

/* Begin PBXFrameworksBuildPhase section */
		8AD07B37294BB9560065E7D8 /* Frameworks */ = {
			isa = PBXFrameworksBuildPhase;
			buildActionMask = 2147483647;
			files = (
				D8A092C90C716E8849F098A6 /* Pods_MIO_lineika.framework in Frameworks */,
			);
			runOnlyForDeploymentPostprocessing = 0;
		};
/* End PBXFrameworksBuildPhase section */

/* Begin PBXGroup section */
		8A093F3C294CFA530088C9A1 /* Sources */ = {
			isa = PBXGroup;
			children = (
				8A093F3E294CFA5D0088C9A1 /* Generated */,
				8A093F3D294CFA580088C9A1 /* Resources */,
			);
			path = Sources;
			sourceTree = "<group>";
		};
		8A093F3D294CFA580088C9A1 /* Resources */ = {
			isa = PBXGroup;
			children = (
				8AF8C8A22953BC02007246E2 /* Fonts */,
				8A093F3F294CFA710088C9A1 /* Localize */,
				8AD07B46294BB9570065E7D8 /* Assets.xcassets */,
			);
			path = Resources;
			sourceTree = "<group>";
		};
		8A093F3E294CFA5D0088C9A1 /* Generated */ = {
			isa = PBXGroup;
			children = (
				8AF8C88F2953B7E3007246E2 /* Fonts.swift */,
				8A093F6E294D030C0088C9A1 /* Strings.swift */,
				8A093F6D294D030C0088C9A1 /* XCAssets+Generated.swift */,
			);
			path = Generated;
			sourceTree = "<group>";
		};
		8A093F3F294CFA710088C9A1 /* Localize */ = {
			isa = PBXGroup;
			children = (
				8A093F7A294D04260088C9A1 /* en.lproj */,
			);
			path = Localize;
			sourceTree = "<group>";
		};
		8A093F7A294D04260088C9A1 /* en.lproj */ = {
			isa = PBXGroup;
			children = (
				8A093F7B294D04260088C9A1 /* LaunchScreen.storyboard */,
				8A093F7D294D04260088C9A1 /* Localize.strings */,
			);
			path = en.lproj;
			sourceTree = "<group>";
		};
		8A0D8BE529573E740048FA63 /* Models */ = {
			isa = PBXGroup;
			children = (
				8A0D8BE629573E7F0048FA63 /* MainSection.swift */,
				8A0D8BE829573E8D0048FA63 /* MainSectionItem.swift */,
				8A4FD6862957BD1A009A6FCE /* MainViewControllerModel.swift */,
			);
			path = Models;
			sourceTree = "<group>";
		};
		8A1623E7294D17FC0068744D /* Cells */ = {
			isa = PBXGroup;
			children = (
				8A1623FD294DF8FB0068744D /* Constructor  */,
				8AF8C87D2953834A007246E2 /* ButtonCell */,
				8AF8C878295382A2007246E2 /* VariablesAndConstraintsCell */,
				8AF8C87329538171007246E2 /* DividerCell */,
				8AF8C870295380A8007246E2 /* TitleCell */,
				8A49B75C2952816400EA18C6 /* RadiobuttonCell */,
			);
			path = Cells;
			sourceTree = "<group>";
		};
		8A1623FD294DF8FB0068744D /* Constructor  */ = {
			isa = PBXGroup;
			children = (
				8A1623FE294DF9080068744D /* TableCellViewModelConstructor.swift */,
			);
			path = "Constructor ";
			sourceTree = "<group>";
		};
		8A49B759295274C800EA18C6 /* ReusableItems */ = {
			isa = PBXGroup;
			children = (
				8A49B75A295274D500EA18C6 /* MainButton.swift */,
				8AF8C88029538BA7007246E2 /* BottomLineTextField.swift */,
			);
			path = ReusableItems;
			sourceTree = "<group>";
		};
		8A49B75C2952816400EA18C6 /* RadiobuttonCell */ = {
			isa = PBXGroup;
			children = (
				8AB42B2C294BD98900C04DF9 /* RadiobuttonTableCell.swift */,
				8A49B75D2952817E00EA18C6 /* RadiobuttonTableCellViewModel.swift */,
				8AF8C876295381D6007246E2 /* RadiobuttonCellProtocols.swift */,
			);
			path = RadiobuttonCell;
			sourceTree = "<group>";
		};
		8A4FD68B29589817009A6FCE /* Tabbar */ = {
			isa = PBXGroup;
			children = (
				8A4FD68C29589823009A6FCE /* TabbarController.swift */,
				8AF5AA2F2958D65500B75D4B /* CustomTabbar.swift */,
			);
			path = Tabbar;
			sourceTree = "<group>";
		};
		8AB42B15294BCC8800C04DF9 /* DesignSystem */ = {
			isa = PBXGroup;
			children = (
				8AF8C8882953B05D007246E2 /* Headers */,
				8AF8C8872953B04D007246E2 /* Manager */,
				8AF8C8862953B044007246E2 /* Theme */,
				8AF8C86D29536F78007246E2 /* Color */,
				8A49B759295274C800EA18C6 /* ReusableItems */,
				8A1623E7294D17FC0068744D /* Cells */,
				8AB42B1D294BCE1B00C04DF9 /* Extensions */,
			);
			path = DesignSystem;
			sourceTree = "<group>";
		};
		8AB42B16294BCC9700C04DF9 /* Base */ = {
			isa = PBXGroup;
			children = (
				8AB42B17294BCCA600C04DF9 /* Coordinator.swift */,
				8AB42B22294BD1C300C04DF9 /* BaseController.swift */,
				8A1623F7294DE2490068744D /* Settings.swift */,
				8AB42B26294BD5D500C04DF9 /* ConfigurableItem.swift */,
				8A1623F5294D2A1B0068744D /* CollectionViewCell.swift */,
				8AF8C86B29536F62007246E2 /* Reusable.swift */,
				8AF8C86E29536FA3007246E2 /* UITableViewCell+Extension.swift */,
				8A1623ED294D1E690068744D /* TableCellViewModel.swift */,
				8A162400294DFF720068744D /* UITableView+Extension.swift */,
				8AF8C86929536F04007246E2 /* UIView+Reusable.swift */,
			);
			path = Base;
			sourceTree = "<group>";
		};
		8AB42B1D294BCE1B00C04DF9 /* Extensions */ = {
			isa = PBXGroup;
			children = (
				8AB42B1E294BCE2700C04DF9 /* UIColor+Extension.swift */,
			);
			path = Extensions;
			sourceTree = "<group>";
		};
		8AD07B31294BB9560065E7D8 = {
			isa = PBXGroup;
			children = (
				8AD07B3C294BB9560065E7D8 /* MIO-lineika */,
				8AD07B3B294BB9560065E7D8 /* Products */,
				A4C51B3AE6B8EE2E3FE02BDD /* Pods */,
				8B8ED28B7D94D74F78DE0970 /* Frameworks */,
			);
			sourceTree = "<group>";
		};
		8AD07B3B294BB9560065E7D8 /* Products */ = {
			isa = PBXGroup;
			children = (
				8AD07B3A294BB9560065E7D8 /* MIO-lineika.app */,
			);
			name = Products;
			sourceTree = "<group>";
		};
		8AD07B3C294BB9560065E7D8 /* MIO-lineika */ = {
			isa = PBXGroup;
			children = (
				8A093F3C294CFA530088C9A1 /* Sources */,
				8AB42B16294BCC9700C04DF9 /* Base */,
				8AB42B15294BCC8800C04DF9 /* DesignSystem */,
				8AD07B51294BBD090065E7D8 /* Modules */,
				8AD07B3D294BB9560065E7D8 /* AppDelegate.swift */,
				8AD07B4B294BB9570065E7D8 /* Info.plist */,
			);
			path = "MIO-lineika";
			sourceTree = "<group>";
		};
		8AD07B51294BBD090065E7D8 /* Modules */ = {
			isa = PBXGroup;
			children = (
				8AF5AA272958CF4400B75D4B /* MockControllers */,
				8A4FD68B29589817009A6FCE /* Tabbar */,
				8AD07B52294BBD0F0065E7D8 /* MainScreen */,
			);
			path = Modules;
			sourceTree = "<group>";
		};
		8AD07B52294BBD0F0065E7D8 /* MainScreen */ = {
			isa = PBXGroup;
			children = (
				8AD07B58294BBD540065E7D8 /* MainCoordinator.swift */,
				8A0D8BE529573E740048FA63 /* Models */,
				8AD07B54294BBD1C0065E7D8 /* ViewModel */,
				8AD07B53294BBD180065E7D8 /* View */,
			);
			path = MainScreen;
			sourceTree = "<group>";
		};
		8AD07B53294BBD180065E7D8 /* View */ = {
			isa = PBXGroup;
			children = (
				8AD07B41294BB9560065E7D8 /* MainViewController.swift */,
			);
			path = View;
			sourceTree = "<group>";
		};
		8AD07B54294BBD1C0065E7D8 /* ViewModel */ = {
			isa = PBXGroup;
			children = (
				8AD07B55294BBD2C0065E7D8 /* MainViewModel.swift */,
			);
			path = ViewModel;
			sourceTree = "<group>";
		};
		8AF5AA272958CF4400B75D4B /* MockControllers */ = {
			isa = PBXGroup;
			children = (
				8AF5AA282958CF4E00B75D4B /* MockController.swift */,
			);
			path = MockControllers;
			sourceTree = "<group>";
		};
		8AF8C86D29536F78007246E2 /* Color */ = {
			isa = PBXGroup;
			children = (
				8AB42B20294BCEE500C04DF9 /* SemanticColor.swift */,
			);
			path = Color;
			sourceTree = "<group>";
		};
		8AF8C870295380A8007246E2 /* TitleCell */ = {
			isa = PBXGroup;
			children = (
				8A1623FB294DF49C0068744D /* TitleTableCell.swift */,
				8AF8C871295380C3007246E2 /* TitleTableCellViewModel.swift */,
			);
			path = TitleCell;
			sourceTree = "<group>";
		};
		8AF8C87329538171007246E2 /* DividerCell */ = {
			isa = PBXGroup;
			children = (
				8A162405294E03F00068744D /* DividerTableCell.swift */,
				8AF8C87429538181007246E2 /* DividerTableCellViewModel.swift */,
			);
			path = DividerCell;
			sourceTree = "<group>";
		};
		8AF8C878295382A2007246E2 /* VariablesAndConstraintsCell */ = {
			isa = PBXGroup;
			children = (
				8A162408294E18460068744D /* VariablesConstraintsTableCell.swift */,
				8AF8C879295382BE007246E2 /* VariablesAndConstraintsTableCellViewModel.swift */,
				8AF8C87B295382D0007246E2 /* VariablesAndConstraintsCellProtocols.swift */,
			);
			path = VariablesAndConstraintsCell;
			sourceTree = "<group>";
		};
		8AF8C87D2953834A007246E2 /* ButtonCell */ = {
			isa = PBXGroup;
			children = (
				8A6CDB6F294E8B06005B2D7F /* ButtonTableCell.swift */,
				8AF8C87E29538358007246E2 /* ButtonTableCellViewModel.swift */,
				8AF8C8842953AB59007246E2 /* ButtonCellProtocols.swift */,
			);
			path = ButtonCell;
			sourceTree = "<group>";
		};
		8AF8C8862953B044007246E2 /* Theme */ = {
			isa = PBXGroup;
			children = (
				8AB42B19294BCD2500C04DF9 /* Theme.swift */,
				8A162402294E02D20068744D /* LightTheme.swift */,
			);
			path = Theme;
			sourceTree = "<group>";
		};
		8AF8C8872953B04D007246E2 /* Manager */ = {
			isa = PBXGroup;
			children = (
				8AB42B1B294BCD9500C04DF9 /* DesignManager.swift */,
			);
			path = Manager;
			sourceTree = "<group>";
		};
		8AF8C8882953B05D007246E2 /* Headers */ = {
			isa = PBXGroup;
			children = (
				8AF8C88C2953B2E3007246E2 /* Constructor */,
				8AF8C88B2953B2DD007246E2 /* TitleTableHeader */,
			);
			path = Headers;
			sourceTree = "<group>";
		};
		8AF8C88B2953B2DD007246E2 /* TitleTableHeader */ = {
			isa = PBXGroup;
			children = (
				8AF8C8892953B074007246E2 /* TitleCollectionHeader.swift */,
			);
			path = TitleTableHeader;
			sourceTree = "<group>";
		};
		8AF8C88C2953B2E3007246E2 /* Constructor */ = {
			isa = PBXGroup;
			children = (
				8AF8C88D2953B2F0007246E2 /* CollectionHeaderConstructor.swift */,
			);
			path = Constructor;
			sourceTree = "<group>";
		};
		8AF8C8A22953BC02007246E2 /* Fonts */ = {
			isa = PBXGroup;
			children = (
				8AF8C8A32953BC02007246E2 /* Nunito-Medium.ttf */,
				8AF8C8A42953BC02007246E2 /* Nunito-ExtraBold.ttf */,
				8AF8C8A52953BC02007246E2 /* Nunito-Light.ttf */,
				8AF8C8A62953BC02007246E2 /* Nunito-Regular.ttf */,
				8AF8C8A72953BC02007246E2 /* Nunito-SemiBold.ttf */,
				8AF8C8A82953BC02007246E2 /* Nunito-Bold.ttf */,
				8AF8C8A92953BC02007246E2 /* Nunito-Black.ttf */,
				8AF8C8AA2953BC02007246E2 /* Nunito-ExtraLight.ttf */,
			);
			path = Fonts;
			sourceTree = "<group>";
		};
		8B8ED28B7D94D74F78DE0970 /* Frameworks */ = {
			isa = PBXGroup;
			children = (
				F4B124CA2ACD349AA63A5448 /* Pods_MIO_lineika.framework */,
			);
			name = Frameworks;
			sourceTree = "<group>";
		};
		A4C51B3AE6B8EE2E3FE02BDD /* Pods */ = {
			isa = PBXGroup;
			children = (
				EC375CF9809B23AB1AAEDFCD /* Pods-MIO-lineika.debug.xcconfig */,
				CC19E05BC1C01E5DCE7A8EA2 /* Pods-MIO-lineika.release.xcconfig */,
			);
			path = Pods;
			sourceTree = "<group>";
		};
/* End PBXGroup section */

/* Begin PBXNativeTarget section */
		8AD07B39294BB9560065E7D8 /* MIO-lineika */ = {
			isa = PBXNativeTarget;
			buildConfigurationList = 8AD07B4E294BB9570065E7D8 /* Build configuration list for PBXNativeTarget "MIO-lineika" */;
			buildPhases = (
				A85EB2DC471BEBCD2350A984 /* [CP] Check Pods Manifest.lock */,
				8AD07B36294BB9560065E7D8 /* Sources */,
				8AD07B37294BB9560065E7D8 /* Frameworks */,
				8AD07B38294BB9560065E7D8 /* Resources */,
				8A093F3B294CF1F80088C9A1 /* SwiftGen */,
				46C53CD943C39FCC8EC80FA1 /* [CP] Embed Pods Frameworks */,
			);
			buildRules = (
			);
			dependencies = (
			);
			name = "MIO-lineika";
			productName = "MIO-lineika";
			productReference = 8AD07B3A294BB9560065E7D8 /* MIO-lineika.app */;
			productType = "com.apple.product-type.application";
		};
/* End PBXNativeTarget section */

/* Begin PBXProject section */
		8AD07B32294BB9560065E7D8 /* Project object */ = {
			isa = PBXProject;
			attributes = {
				BuildIndependentTargetsInParallel = 1;
				LastSwiftUpdateCheck = 1420;
				LastUpgradeCheck = 1420;
				TargetAttributes = {
					8AD07B39294BB9560065E7D8 = {
						CreatedOnToolsVersion = 14.2;
					};
				};
			};
			buildConfigurationList = 8AD07B35294BB9560065E7D8 /* Build configuration list for PBXProject "MIO-lineika" */;
			compatibilityVersion = "Xcode 13.0";
			developmentRegion = en;
			hasScannedForEncodings = 0;
			knownRegions = (
				en,
			);
			mainGroup = 8AD07B31294BB9560065E7D8;
			productRefGroup = 8AD07B3B294BB9560065E7D8 /* Products */;
			projectDirPath = "";
			projectRoot = "";
			targets = (
				8AD07B39294BB9560065E7D8 /* MIO-lineika */,
			);
		};
/* End PBXProject section */

/* Begin PBXResourcesBuildPhase section */
		8AD07B38294BB9560065E7D8 /* Resources */ = {
			isa = PBXResourcesBuildPhase;
			buildActionMask = 2147483647;
			files = (
				8AF8C8AF2953BC02007246E2 /* Nunito-SemiBold.ttf in Resources */,
				8AF8C8B12953BC02007246E2 /* Nunito-Black.ttf in Resources */,
				8AF8C8AB2953BC02007246E2 /* Nunito-Medium.ttf in Resources */,
				8A093F7F294D04260088C9A1 /* LaunchScreen.storyboard in Resources */,
				8AF8C8B22953BC02007246E2 /* Nunito-ExtraLight.ttf in Resources */,
				8AF8C8AD2953BC02007246E2 /* Nunito-Light.ttf in Resources */,
				8AF8C8B02953BC02007246E2 /* Nunito-Bold.ttf in Resources */,
				8AF8C8AC2953BC02007246E2 /* Nunito-ExtraBold.ttf in Resources */,
				8AF8C8AE2953BC02007246E2 /* Nunito-Regular.ttf in Resources */,
				8AD07B47294BB9570065E7D8 /* Assets.xcassets in Resources */,
				8A093F80294D04260088C9A1 /* Localize.strings in Resources */,
			);
			runOnlyForDeploymentPostprocessing = 0;
		};
/* End PBXResourcesBuildPhase section */

/* Begin PBXShellScriptBuildPhase section */
		46C53CD943C39FCC8EC80FA1 /* [CP] Embed Pods Frameworks */ = {
			isa = PBXShellScriptBuildPhase;
			buildActionMask = 2147483647;
			files = (
			);
			inputFileListPaths = (
				"${PODS_ROOT}/Target Support Files/Pods-MIO-lineika/Pods-MIO-lineika-frameworks-${CONFIGURATION}-input-files.xcfilelist",
			);
			name = "[CP] Embed Pods Frameworks";
			outputFileListPaths = (
				"${PODS_ROOT}/Target Support Files/Pods-MIO-lineika/Pods-MIO-lineika-frameworks-${CONFIGURATION}-output-files.xcfilelist",
			);
			runOnlyForDeploymentPostprocessing = 0;
			shellPath = /bin/sh;
			shellScript = "\"${PODS_ROOT}/Target Support Files/Pods-MIO-lineika/Pods-MIO-lineika-frameworks.sh\"\n";
			showEnvVarsInLog = 0;
		};
		8A093F3B294CF1F80088C9A1 /* SwiftGen */ = {
			isa = PBXShellScriptBuildPhase;
			alwaysOutOfDate = 1;
			buildActionMask = 12;
			files = (
			);
			inputFileListPaths = (
			);
			inputPaths = (
			);
			name = SwiftGen;
			outputFileListPaths = (
			);
			outputPaths = (
			);
			runOnlyForDeploymentPostprocessing = 0;
			shellPath = /bin/sh;
			shellScript = "if [[ -f \"${PODS_ROOT}/SwiftGen/bin/swiftgen\" ]]; then\n  \"${PODS_ROOT}/SwiftGen/bin/swiftgen\"\nelse\n  echo \"warning: SwiftGen is not installed. Run 'pod install --repo-update' to install it.\"\nfi\n";
		};
		A85EB2DC471BEBCD2350A984 /* [CP] Check Pods Manifest.lock */ = {
			isa = PBXShellScriptBuildPhase;
			buildActionMask = 2147483647;
			files = (
			);
			inputFileListPaths = (
			);
			inputPaths = (
				"${PODS_PODFILE_DIR_PATH}/Podfile.lock",
				"${PODS_ROOT}/Manifest.lock",
			);
			name = "[CP] Check Pods Manifest.lock";
			outputFileListPaths = (
			);
			outputPaths = (
				"$(DERIVED_FILE_DIR)/Pods-MIO-lineika-checkManifestLockResult.txt",
			);
			runOnlyForDeploymentPostprocessing = 0;
			shellPath = /bin/sh;
			shellScript = "diff \"${PODS_PODFILE_DIR_PATH}/Podfile.lock\" \"${PODS_ROOT}/Manifest.lock\" > /dev/null\nif [ $? != 0 ] ; then\n    # print error to STDERR\n    echo \"error: The sandbox is not in sync with the Podfile.lock. Run 'pod install' or update your CocoaPods installation.\" >&2\n    exit 1\nfi\n# This output is used by Xcode 'outputs' to avoid re-running this script phase.\necho \"SUCCESS\" > \"${SCRIPT_OUTPUT_FILE_0}\"\n";
			showEnvVarsInLog = 0;
		};
/* End PBXShellScriptBuildPhase section */

/* Begin PBXSourcesBuildPhase section */
		8AD07B36294BB9560065E7D8 /* Sources */ = {
			isa = PBXSourcesBuildPhase;
			buildActionMask = 2147483647;
			files = (
				8AF8C872295380C3007246E2 /* TitleTableCellViewModel.swift in Sources */,
				8A4FD6872957BD1A009A6FCE /* MainViewControllerModel.swift in Sources */,
				8AD07B42294BB9560065E7D8 /* MainViewController.swift in Sources */,
				8AF5AA302958D65500B75D4B /* CustomTabbar.swift in Sources */,
				8AF8C86F29536FA3007246E2 /* UITableViewCell+Extension.swift in Sources */,
				8A0D8BE929573E8D0048FA63 /* MainSectionItem.swift in Sources */,
				8AB42B21294BCEE500C04DF9 /* SemanticColor.swift in Sources */,
				8A0D8BE729573E7F0048FA63 /* MainSection.swift in Sources */,
				8A162409294E18460068744D /* VariablesConstraintsTableCell.swift in Sources */,
				8A162401294DFF720068744D /* UITableView+Extension.swift in Sources */,
				8AB42B23294BD1C300C04DF9 /* BaseController.swift in Sources */,
				8AF8C88A2953B074007246E2 /* TitleCollectionHeader.swift in Sources */,
				8AD07B59294BBD540065E7D8 /* MainCoordinator.swift in Sources */,
				8AF8C86A29536F04007246E2 /* UIView+Reusable.swift in Sources */,
				8AF8C8852953AB59007246E2 /* ButtonCellProtocols.swift in Sources */,
				8AB42B1C294BCD9500C04DF9 /* DesignManager.swift in Sources */,
				8AF8C877295381D6007246E2 /* RadiobuttonCellProtocols.swift in Sources */,
				8A1623F8294DE2490068744D /* Settings.swift in Sources */,
				8A1623FF294DF9080068744D /* TableCellViewModelConstructor.swift in Sources */,
				8A1623EE294D1E690068744D /* TableCellViewModel.swift in Sources */,
				8A162406294E03F00068744D /* DividerTableCell.swift in Sources */,
				8A6CDB70294E8B06005B2D7F /* ButtonTableCell.swift in Sources */,
				8AF8C87529538181007246E2 /* DividerTableCellViewModel.swift in Sources */,
				8AF8C8902953B7E3007246E2 /* Fonts.swift in Sources */,
				8A093F6F294D030C0088C9A1 /* XCAssets+Generated.swift in Sources */,
				8A49B75E2952817E00EA18C6 /* RadiobuttonTableCellViewModel.swift in Sources */,
				8AF5AA292958CF4E00B75D4B /* MockController.swift in Sources */,
				8AB42B18294BCCA600C04DF9 /* Coordinator.swift in Sources */,
				8AF8C88E2953B2F0007246E2 /* CollectionHeaderConstructor.swift in Sources */,
				8A162403294E02D20068744D /* LightTheme.swift in Sources */,
				8A093F70294D030C0088C9A1 /* Strings.swift in Sources */,
				8A4FD68D29589823009A6FCE /* TabbarController.swift in Sources */,
				8AB42B1A294BCD2500C04DF9 /* Theme.swift in Sources */,
				8AF8C87A295382BE007246E2 /* VariablesAndConstraintsTableCellViewModel.swift in Sources */,
				8AF8C88129538BA7007246E2 /* BottomLineTextField.swift in Sources */,
				8AB42B27294BD5D500C04DF9 /* ConfigurableItem.swift in Sources */,
				8AD07B3E294BB9560065E7D8 /* AppDelegate.swift in Sources */,
				8AB42B2D294BD98900C04DF9 /* RadiobuttonTableCell.swift in Sources */,
				8A1623F6294D2A1B0068744D /* CollectionViewCell.swift in Sources */,
				8A1623FC294DF49C0068744D /* TitleTableCell.swift in Sources */,
				8AD07B56294BBD2C0065E7D8 /* MainViewModel.swift in Sources */,
				8AF8C86C29536F62007246E2 /* Reusable.swift in Sources */,
				8A49B75B295274D500EA18C6 /* MainButton.swift in Sources */,
				8AB42B1F294BCE2700C04DF9 /* UIColor+Extension.swift in Sources */,
				8AF8C87F29538358007246E2 /* ButtonTableCellViewModel.swift in Sources */,
				8AF8C87C295382D0007246E2 /* VariablesAndConstraintsCellProtocols.swift in Sources */,
			);
			runOnlyForDeploymentPostprocessing = 0;
		};
/* End PBXSourcesBuildPhase section */

/* Begin PBXVariantGroup section */
		8A093F7B294D04260088C9A1 /* LaunchScreen.storyboard */ = {
			isa = PBXVariantGroup;
			children = (
				8A093F7C294D04260088C9A1 /* en */,
			);
			name = LaunchScreen.storyboard;
			sourceTree = "<group>";
		};
		8A093F7D294D04260088C9A1 /* Localize.strings */ = {
			isa = PBXVariantGroup;
			children = (
				8A093F7E294D04260088C9A1 /* en */,
			);
			name = Localize.strings;
			sourceTree = "<group>";
		};
/* End PBXVariantGroup section */

/* Begin XCBuildConfiguration section */
		8AD07B4C294BB9570065E7D8 /* Debug */ = {
			isa = XCBuildConfiguration;
			buildSettings = {
				ALWAYS_SEARCH_USER_PATHS = NO;
				CLANG_ANALYZER_LOCALIZABILITY_NONLOCALIZED = YES;
				CLANG_ANALYZER_NONNULL = YES;
				CLANG_ANALYZER_NUMBER_OBJECT_CONVERSION = YES_AGGRESSIVE;
				CLANG_CXX_LANGUAGE_STANDARD = "gnu++20";
				CLANG_ENABLE_MODULES = YES;
				CLANG_ENABLE_OBJC_ARC = YES;
				CLANG_ENABLE_OBJC_WEAK = YES;
				CLANG_WARN_BLOCK_CAPTURE_AUTORELEASING = YES;
				CLANG_WARN_BOOL_CONVERSION = YES;
				CLANG_WARN_COMMA = YES;
				CLANG_WARN_CONSTANT_CONVERSION = YES;
				CLANG_WARN_DEPRECATED_OBJC_IMPLEMENTATIONS = YES;
				CLANG_WARN_DIRECT_OBJC_ISA_USAGE = YES_ERROR;
				CLANG_WARN_DOCUMENTATION_COMMENTS = YES;
				CLANG_WARN_EMPTY_BODY = YES;
				CLANG_WARN_ENUM_CONVERSION = YES;
				CLANG_WARN_INFINITE_RECURSION = YES;
				CLANG_WARN_INT_CONVERSION = YES;
				CLANG_WARN_NON_LITERAL_NULL_CONVERSION = YES;
				CLANG_WARN_OBJC_IMPLICIT_RETAIN_SELF = YES;
				CLANG_WARN_OBJC_LITERAL_CONVERSION = YES;
				CLANG_WARN_OBJC_ROOT_CLASS = YES_ERROR;
				CLANG_WARN_QUOTED_INCLUDE_IN_FRAMEWORK_HEADER = YES;
				CLANG_WARN_RANGE_LOOP_ANALYSIS = YES;
				CLANG_WARN_STRICT_PROTOTYPES = YES;
				CLANG_WARN_SUSPICIOUS_MOVE = YES;
				CLANG_WARN_UNGUARDED_AVAILABILITY = YES_AGGRESSIVE;
				CLANG_WARN_UNREACHABLE_CODE = YES;
				CLANG_WARN__DUPLICATE_METHOD_MATCH = YES;
				COPY_PHASE_STRIP = NO;
				DEBUG_INFORMATION_FORMAT = dwarf;
				ENABLE_STRICT_OBJC_MSGSEND = YES;
				ENABLE_TESTABILITY = YES;
				GCC_C_LANGUAGE_STANDARD = gnu11;
				GCC_DYNAMIC_NO_PIC = NO;
				GCC_NO_COMMON_BLOCKS = YES;
				GCC_OPTIMIZATION_LEVEL = 0;
				GCC_PREPROCESSOR_DEFINITIONS = (
					"DEBUG=1",
					"$(inherited)",
				);
				GCC_WARN_64_TO_32_BIT_CONVERSION = YES;
				GCC_WARN_ABOUT_RETURN_TYPE = YES_ERROR;
				GCC_WARN_UNDECLARED_SELECTOR = YES;
				GCC_WARN_UNINITIALIZED_AUTOS = YES_AGGRESSIVE;
				GCC_WARN_UNUSED_FUNCTION = YES;
				GCC_WARN_UNUSED_VARIABLE = YES;
				IPHONEOS_DEPLOYMENT_TARGET = 16.2;
				MTL_ENABLE_DEBUG_INFO = INCLUDE_SOURCE;
				MTL_FAST_MATH = YES;
				ONLY_ACTIVE_ARCH = YES;
				SDKROOT = iphoneos;
				SWIFT_ACTIVE_COMPILATION_CONDITIONS = DEBUG;
				SWIFT_OPTIMIZATION_LEVEL = "-Onone";
			};
			name = Debug;
		};
		8AD07B4D294BB9570065E7D8 /* Release */ = {
			isa = XCBuildConfiguration;
			buildSettings = {
				ALWAYS_SEARCH_USER_PATHS = NO;
				CLANG_ANALYZER_LOCALIZABILITY_NONLOCALIZED = YES;
				CLANG_ANALYZER_NONNULL = YES;
				CLANG_ANALYZER_NUMBER_OBJECT_CONVERSION = YES_AGGRESSIVE;
				CLANG_CXX_LANGUAGE_STANDARD = "gnu++20";
				CLANG_ENABLE_MODULES = YES;
				CLANG_ENABLE_OBJC_ARC = YES;
				CLANG_ENABLE_OBJC_WEAK = YES;
				CLANG_WARN_BLOCK_CAPTURE_AUTORELEASING = YES;
				CLANG_WARN_BOOL_CONVERSION = YES;
				CLANG_WARN_COMMA = YES;
				CLANG_WARN_CONSTANT_CONVERSION = YES;
				CLANG_WARN_DEPRECATED_OBJC_IMPLEMENTATIONS = YES;
				CLANG_WARN_DIRECT_OBJC_ISA_USAGE = YES_ERROR;
				CLANG_WARN_DOCUMENTATION_COMMENTS = YES;
				CLANG_WARN_EMPTY_BODY = YES;
				CLANG_WARN_ENUM_CONVERSION = YES;
				CLANG_WARN_INFINITE_RECURSION = YES;
				CLANG_WARN_INT_CONVERSION = YES;
				CLANG_WARN_NON_LITERAL_NULL_CONVERSION = YES;
				CLANG_WARN_OBJC_IMPLICIT_RETAIN_SELF = YES;
				CLANG_WARN_OBJC_LITERAL_CONVERSION = YES;
				CLANG_WARN_OBJC_ROOT_CLASS = YES_ERROR;
				CLANG_WARN_QUOTED_INCLUDE_IN_FRAMEWORK_HEADER = YES;
				CLANG_WARN_RANGE_LOOP_ANALYSIS = YES;
				CLANG_WARN_STRICT_PROTOTYPES = YES;
				CLANG_WARN_SUSPICIOUS_MOVE = YES;
				CLANG_WARN_UNGUARDED_AVAILABILITY = YES_AGGRESSIVE;
				CLANG_WARN_UNREACHABLE_CODE = YES;
				CLANG_WARN__DUPLICATE_METHOD_MATCH = YES;
				COPY_PHASE_STRIP = NO;
				DEBUG_INFORMATION_FORMAT = "dwarf-with-dsym";
				ENABLE_NS_ASSERTIONS = NO;
				ENABLE_STRICT_OBJC_MSGSEND = YES;
				GCC_C_LANGUAGE_STANDARD = gnu11;
				GCC_NO_COMMON_BLOCKS = YES;
				GCC_WARN_64_TO_32_BIT_CONVERSION = YES;
				GCC_WARN_ABOUT_RETURN_TYPE = YES_ERROR;
				GCC_WARN_UNDECLARED_SELECTOR = YES;
				GCC_WARN_UNINITIALIZED_AUTOS = YES_AGGRESSIVE;
				GCC_WARN_UNUSED_FUNCTION = YES;
				GCC_WARN_UNUSED_VARIABLE = YES;
				IPHONEOS_DEPLOYMENT_TARGET = 16.2;
				MTL_ENABLE_DEBUG_INFO = NO;
				MTL_FAST_MATH = YES;
				SDKROOT = iphoneos;
				SWIFT_COMPILATION_MODE = wholemodule;
				SWIFT_OPTIMIZATION_LEVEL = "-O";
				VALIDATE_PRODUCT = YES;
			};
			name = Release;
		};
		8AD07B4F294BB9570065E7D8 /* Debug */ = {
			isa = XCBuildConfiguration;
			baseConfigurationReference = EC375CF9809B23AB1AAEDFCD /* Pods-MIO-lineika.debug.xcconfig */;
			buildSettings = {
				ASSETCATALOG_COMPILER_APPICON_NAME = AppIcon;
				ASSETCATALOG_COMPILER_GLOBAL_ACCENT_COLOR_NAME = AccentColor;
				CODE_SIGN_STYLE = Automatic;
				CURRENT_PROJECT_VERSION = 1;
				DEVELOPMENT_TEAM = 6C4272876R;
				GENERATE_INFOPLIST_FILE = YES;
				INFOPLIST_FILE = "MIO-lineika/Info.plist";
				INFOPLIST_KEY_LSApplicationCategoryType = "public.app-category.education";
				INFOPLIST_KEY_UIApplicationSupportsIndirectInputEvents = YES;
				INFOPLIST_KEY_UILaunchStoryboardName = LaunchScreen.storyboard;
				INFOPLIST_KEY_UISupportedInterfaceOrientations_iPad = "UIInterfaceOrientationPortrait UIInterfaceOrientationPortraitUpsideDown UIInterfaceOrientationLandscapeLeft UIInterfaceOrientationLandscapeRight";
				INFOPLIST_KEY_UISupportedInterfaceOrientations_iPhone = "UIInterfaceOrientationPortrait UIInterfaceOrientationLandscapeLeft UIInterfaceOrientationLandscapeRight";
				IPHONEOS_DEPLOYMENT_TARGET = 15.5;
				LD_RUNPATH_SEARCH_PATHS = (
					"$(inherited)",
					"@executable_path/Frameworks",
				);
				MARKETING_VERSION = 1.0;
				PRODUCT_BUNDLE_IDENTIFIER = "org.alexey.zubkov.MIO-lineika";
				PRODUCT_NAME = "$(TARGET_NAME)";
				SWIFT_EMIT_LOC_STRINGS = YES;
				SWIFT_VERSION = 5.0;
				TARGETED_DEVICE_FAMILY = "1,2";
			};
			name = Debug;
		};
		8AD07B50294BB9570065E7D8 /* Release */ = {
			isa = XCBuildConfiguration;
			baseConfigurationReference = CC19E05BC1C01E5DCE7A8EA2 /* Pods-MIO-lineika.release.xcconfig */;
			buildSettings = {
				ASSETCATALOG_COMPILER_APPICON_NAME = AppIcon;
				ASSETCATALOG_COMPILER_GLOBAL_ACCENT_COLOR_NAME = AccentColor;
				CODE_SIGN_STYLE = Automatic;
				CURRENT_PROJECT_VERSION = 1;
				DEVELOPMENT_TEAM = 6C4272876R;
				GENERATE_INFOPLIST_FILE = YES;
				INFOPLIST_FILE = "MIO-lineika/Info.plist";
				INFOPLIST_KEY_LSApplicationCategoryType = "public.app-category.education";
				INFOPLIST_KEY_UIApplicationSupportsIndirectInputEvents = YES;
				INFOPLIST_KEY_UILaunchStoryboardName = LaunchScreen.storyboard;
				INFOPLIST_KEY_UISupportedInterfaceOrientations_iPad = "UIInterfaceOrientationPortrait UIInterfaceOrientationPortraitUpsideDown UIInterfaceOrientationLandscapeLeft UIInterfaceOrientationLandscapeRight";
				INFOPLIST_KEY_UISupportedInterfaceOrientations_iPhone = "UIInterfaceOrientationPortrait UIInterfaceOrientationLandscapeLeft UIInterfaceOrientationLandscapeRight";
				IPHONEOS_DEPLOYMENT_TARGET = 15.5;
				LD_RUNPATH_SEARCH_PATHS = (
					"$(inherited)",
					"@executable_path/Frameworks",
				);
				MARKETING_VERSION = 1.0;
				PRODUCT_BUNDLE_IDENTIFIER = "org.alexey.zubkov.MIO-lineika";
				PRODUCT_NAME = "$(TARGET_NAME)";
				SWIFT_EMIT_LOC_STRINGS = YES;
				SWIFT_VERSION = 5.0;
				TARGETED_DEVICE_FAMILY = "1,2";
			};
			name = Release;
		};
/* End XCBuildConfiguration section */

/* Begin XCConfigurationList section */
		8AD07B35294BB9560065E7D8 /* Build configuration list for PBXProject "MIO-lineika" */ = {
			isa = XCConfigurationList;
			buildConfigurations = (
				8AD07B4C294BB9570065E7D8 /* Debug */,
				8AD07B4D294BB9570065E7D8 /* Release */,
			);
			defaultConfigurationIsVisible = 0;
			defaultConfigurationName = Release;
		};
		8AD07B4E294BB9570065E7D8 /* Build configuration list for PBXNativeTarget "MIO-lineika" */ = {
			isa = XCConfigurationList;
			buildConfigurations = (
				8AD07B4F294BB9570065E7D8 /* Debug */,
				8AD07B50294BB9570065E7D8 /* Release */,
			);
			defaultConfigurationIsVisible = 0;
			defaultConfigurationName = Release;
		};
/* End XCConfigurationList section */
	};
	rootObject = 8AD07B32294BB9560065E7D8 /* Project object */;
}
