// !$*UTF8*$!
{
	archiveVersion = 1;
	classes = {
	};
	objectVersion = 55;
	objects = {

/* Begin PBXBuildFile section */
		8A093F6F294D030C0088C9A1 /* XCAssets+Generated.swift in Sources */ = {isa = PBXBuildFile; fileRef = 8A093F6D294D030C0088C9A1 /* XCAssets+Generated.swift */; };
		8A093F70294D030C0088C9A1 /* Strings.swift in Sources */ = {isa = PBXBuildFile; fileRef = 8A093F6E294D030C0088C9A1 /* Strings.swift */; };
		8A093F7F294D04260088C9A1 /* LaunchScreen.storyboard in Resources */ = {isa = PBXBuildFile; fileRef = 8A093F7B294D04260088C9A1 /* LaunchScreen.storyboard */; };
		8A093F80294D04260088C9A1 /* Localize.strings in Resources */ = {isa = PBXBuildFile; fileRef = 8A093F7D294D04260088C9A1 /* Localize.strings */; };
		8A0D8BE729573E7F0048FA63 /* MainSection.swift in Sources */ = {isa = PBXBuildFile; fileRef = 8A0D8BE629573E7F0048FA63 /* MainSection.swift */; };
		8A0D8BE929573E8D0048FA63 /* MainSectionItem.swift in Sources */ = {isa = PBXBuildFile; fileRef = 8A0D8BE829573E8D0048FA63 /* MainSectionItem.swift */; };
		8A1623EE294D1E690068744D /* TableCellViewModel.swift in Sources */ = {isa = PBXBuildFile; fileRef = 8A1623ED294D1E690068744D /* TableCellViewModel.swift */; };
		8A1623F6294D2A1B0068744D /* CollectionViewCell.swift in Sources */ = {isa = PBXBuildFile; fileRef = 8A1623F5294D2A1B0068744D /* CollectionViewCell.swift */; };
		8A1623F8294DE2490068744D /* Settings.swift in Sources */ = {isa = PBXBuildFile; fileRef = 8A1623F7294DE2490068744D /* Settings.swift */; };
		8A1623FC294DF49C0068744D /* TitleCollectionCell.swift in Sources */ = {isa = PBXBuildFile; fileRef = 8A1623FB294DF49C0068744D /* TitleCollectionCell.swift */; };
		8A1623FF294DF9080068744D /* CollectionCellViewModelConstructor.swift in Sources */ = {isa = PBXBuildFile; fileRef = 8A1623FE294DF9080068744D /* CollectionCellViewModelConstructor.swift */; };
		8A162401294DFF720068744D /* UITableView+Extension.swift in Sources */ = {isa = PBXBuildFile; fileRef = 8A162400294DFF720068744D /* UITableView+Extension.swift */; };
		8A162403294E02D20068744D /* LightTheme.swift in Sources */ = {isa = PBXBuildFile; fileRef = 8A162402294E02D20068744D /* LightTheme.swift */; };
		8A162406294E03F00068744D /* DividerCollectionCell.swift in Sources */ = {isa = PBXBuildFile; fileRef = 8A162405294E03F00068744D /* DividerCollectionCell.swift */; };
		8A162409294E18460068744D /* VariablesConstraintsCollectionCell.swift in Sources */ = {isa = PBXBuildFile; fileRef = 8A162408294E18460068744D /* VariablesConstraintsCollectionCell.swift */; };
		8A26FDBF295B2BE2007D7D14 /* MethodConfigurationControllerModel.swift in Sources */ = {isa = PBXBuildFile; fileRef = 8A26FDBE295B2BE2007D7D14 /* MethodConfigurationControllerModel.swift */; };
		8A49B75B295274D500EA18C6 /* MainButton.swift in Sources */ = {isa = PBXBuildFile; fileRef = 8A49B75A295274D500EA18C6 /* MainButton.swift */; };
		8A49B75E2952817E00EA18C6 /* RadiobuttonCollectionCellViewModel.swift in Sources */ = {isa = PBXBuildFile; fileRef = 8A49B75D2952817E00EA18C6 /* RadiobuttonCollectionCellViewModel.swift */; };
		8A4FD6872957BD1A009A6FCE /* MainViewControllerModel.swift in Sources */ = {isa = PBXBuildFile; fileRef = 8A4FD6862957BD1A009A6FCE /* MainViewControllerModel.swift */; };
		8A4FD68D29589823009A6FCE /* TabBarController.swift in Sources */ = {isa = PBXBuildFile; fileRef = 8A4FD68C29589823009A6FCE /* TabBarController.swift */; };
		8A5DA3C3295E2AC700CC88C0 /* FunctionInputCollectionCell.swift in Sources */ = {isa = PBXBuildFile; fileRef = 8A5DA3C2295E2AC700CC88C0 /* FunctionInputCollectionCell.swift */; };
		8A5DA3C6295E326300CC88C0 /* ConfigurableCollectionTextCell.swift in Sources */ = {isa = PBXBuildFile; fileRef = 8A5DA3C5295E326300CC88C0 /* ConfigurableCollectionTextCell.swift */; };
		8A5DA3C8295E373700CC88C0 /* ConfigurableCollectionTextCellViewModel.swift in Sources */ = {isa = PBXBuildFile; fileRef = 8A5DA3C7295E373700CC88C0 /* ConfigurableCollectionTextCellViewModel.swift */; };
		8A5DA3CA295E409400CC88C0 /* FunctionInputCollectionCellViewModel.swift in Sources */ = {isa = PBXBuildFile; fileRef = 8A5DA3C9295E409400CC88C0 /* FunctionInputCollectionCellViewModel.swift */; };
		8A5DA3CC295E44F900CC88C0 /* BottomLineTextFieldWithLabel.swift in Sources */ = {isa = PBXBuildFile; fileRef = 8A5DA3CB295E44F900CC88C0 /* BottomLineTextFieldWithLabel.swift */; };
		8A5DA3CE295E523900CC88C0 /* FunctionInputCollectionCellProtocols.swift in Sources */ = {isa = PBXBuildFile; fileRef = 8A5DA3CD295E523900CC88C0 /* FunctionInputCollectionCellProtocols.swift */; };
		8A5DA3D1295E5FCA00CC88C0 /* ConstraintsSystemCollectionCell.swift in Sources */ = {isa = PBXBuildFile; fileRef = 8A5DA3D0295E5FCA00CC88C0 /* ConstraintsSystemCollectionCell.swift */; };
		8A5DA3D4295E681000CC88C0 /* ConstraintsSystemCollectionCellViewModel.swift in Sources */ = {isa = PBXBuildFile; fileRef = 8A5DA3D3295E681000CC88C0 /* ConstraintsSystemCollectionCellViewModel.swift */; };
		8A5DA3D6295EB15E00CC88C0 /* ConstraintsSystemCollectionCellProtocols.swift in Sources */ = {isa = PBXBuildFile; fileRef = 8A5DA3D5295EB15E00CC88C0 /* ConstraintsSystemCollectionCellProtocols.swift */; };
		8A5E5395295BA64C00EE58E4 /* MethodConfigurationCoordinator.swift in Sources */ = {isa = PBXBuildFile; fileRef = 8A5E5394295BA64C00EE58E4 /* MethodConfigurationCoordinator.swift */; };
		8A5E5397295BA97800EE58E4 /* SubtitleCollectionHeader.swift in Sources */ = {isa = PBXBuildFile; fileRef = 8A5E5396295BA97800EE58E4 /* SubtitleCollectionHeader.swift */; };
		8A6CDB70294E8B06005B2D7F /* ButtonCollectionCell.swift in Sources */ = {isa = PBXBuildFile; fileRef = 8A6CDB6F294E8B06005B2D7F /* ButtonCollectionCell.swift */; };
		8A7810CB2A3E0B96007B9A62 /* ResultScreen.swift in Sources */ = {isa = PBXBuildFile; fileRef = 8A7810CA2A3E0B96007B9A62 /* ResultScreen.swift */; };
		8A7810CD2A3E0C24007B9A62 /* ResultScreenCoordinator.swift in Sources */ = {isa = PBXBuildFile; fileRef = 8A7810CC2A3E0C23007B9A62 /* ResultScreenCoordinator.swift */; };
		8A7810D02A3E15FA007B9A62 /* GraphicMethodResultView.swift in Sources */ = {isa = PBXBuildFile; fileRef = 8A7810CF2A3E15FA007B9A62 /* GraphicMethodResultView.swift */; };
		8A7810D32A3E1720007B9A62 /* ResultHeaderBubbleView.swift in Sources */ = {isa = PBXBuildFile; fileRef = 8A7810D22A3E1720007B9A62 /* ResultHeaderBubbleView.swift */; };
		8A89701E295C6AE9009FAE22 /* BackBarButtonView.swift in Sources */ = {isa = PBXBuildFile; fileRef = 8A89701D295C6AE9009FAE22 /* BackBarButtonView.swift */; };
		8A897020295C7CFD009FAE22 /* UIImage+Extension.swift in Sources */ = {isa = PBXBuildFile; fileRef = 8A89701F295C7CFD009FAE22 /* UIImage+Extension.swift */; };
		8AAA32422958FA4600AEAE4C /* UITabBar+Extension.swift in Sources */ = {isa = PBXBuildFile; fileRef = 8AAA32412958FA4600AEAE4C /* UITabBar+Extension.swift */; };
		8AB42B1A294BCD2500C04DF9 /* Theme.swift in Sources */ = {isa = PBXBuildFile; fileRef = 8AB42B19294BCD2500C04DF9 /* Theme.swift */; };
		8AB42B1C294BCD9500C04DF9 /* DesignManager.swift in Sources */ = {isa = PBXBuildFile; fileRef = 8AB42B1B294BCD9500C04DF9 /* DesignManager.swift */; };
		8AB42B1F294BCE2700C04DF9 /* UIColor+Extension.swift in Sources */ = {isa = PBXBuildFile; fileRef = 8AB42B1E294BCE2700C04DF9 /* UIColor+Extension.swift */; };
		8AB42B21294BCEE500C04DF9 /* SemanticColor.swift in Sources */ = {isa = PBXBuildFile; fileRef = 8AB42B20294BCEE500C04DF9 /* SemanticColor.swift */; };
		8AB42B23294BD1C300C04DF9 /* BaseController.swift in Sources */ = {isa = PBXBuildFile; fileRef = 8AB42B22294BD1C300C04DF9 /* BaseController.swift */; };
		8AB42B27294BD5D500C04DF9 /* ConfigurableItem.swift in Sources */ = {isa = PBXBuildFile; fileRef = 8AB42B26294BD5D500C04DF9 /* ConfigurableItem.swift */; };
		8AB42B2D294BD98900C04DF9 /* RadiobuttonCollectionCell.swift in Sources */ = {isa = PBXBuildFile; fileRef = 8AB42B2C294BD98900C04DF9 /* RadiobuttonCollectionCell.swift */; };
		8AC763CA2959C37500B97A23 /* MethodConfigurationViewController.swift in Sources */ = {isa = PBXBuildFile; fileRef = 8AC763C92959C37500B97A23 /* MethodConfigurationViewController.swift */; };
		8AC763CC2959C4A000B97A23 /* MethodConfigurationViewModel.swift in Sources */ = {isa = PBXBuildFile; fileRef = 8AC763CB2959C4A000B97A23 /* MethodConfigurationViewModel.swift */; };
		8AC763CF2959C66B00B97A23 /* MethodConfigurationModel.swift in Sources */ = {isa = PBXBuildFile; fileRef = 8AC763CE2959C66B00B97A23 /* MethodConfigurationModel.swift */; };
		8AC763D12959C82600B97A23 /* MethodConfigurationSection.swift in Sources */ = {isa = PBXBuildFile; fileRef = 8AC763D02959C82600B97A23 /* MethodConfigurationSection.swift */; };
		8AC763D32959C84A00B97A23 /* MethodConfigurationSectionItem.swift in Sources */ = {isa = PBXBuildFile; fileRef = 8AC763D22959C84A00B97A23 /* MethodConfigurationSectionItem.swift */; };
		8AD07B3E294BB9560065E7D8 /* AppDelegate.swift in Sources */ = {isa = PBXBuildFile; fileRef = 8AD07B3D294BB9560065E7D8 /* AppDelegate.swift */; };
		8AD07B42294BB9560065E7D8 /* MainViewController.swift in Sources */ = {isa = PBXBuildFile; fileRef = 8AD07B41294BB9560065E7D8 /* MainViewController.swift */; };
		8AD07B47294BB9570065E7D8 /* Assets.xcassets in Resources */ = {isa = PBXBuildFile; fileRef = 8AD07B46294BB9570065E7D8 /* Assets.xcassets */; };
		8AD07B56294BBD2C0065E7D8 /* MainViewModel.swift in Sources */ = {isa = PBXBuildFile; fileRef = 8AD07B55294BBD2C0065E7D8 /* MainViewModel.swift */; };
		8AD07B59294BBD540065E7D8 /* MainCoordinator.swift in Sources */ = {isa = PBXBuildFile; fileRef = 8AD07B58294BBD540065E7D8 /* MainCoordinator.swift */; };
		8AD8F7B2296CA9AF0041EDAE /* ConclusionCoordinator.swift in Sources */ = {isa = PBXBuildFile; fileRef = 8AD8F7B1296CA9AF0041EDAE /* ConclusionCoordinator.swift */; };
		8AD8F7B4296CAA500041EDAE /* ConclusionViewController.swift in Sources */ = {isa = PBXBuildFile; fileRef = 8AD8F7B3296CAA500041EDAE /* ConclusionViewController.swift */; };
		8AD8F7B7296CAA5A0041EDAE /* ConclusionViewModel.swift in Sources */ = {isa = PBXBuildFile; fileRef = 8AD8F7B6296CAA5A0041EDAE /* ConclusionViewModel.swift */; };
		8AD8F7B9296CAAC30041EDAE /* ConclusionSection.swift in Sources */ = {isa = PBXBuildFile; fileRef = 8AD8F7B8296CAAC30041EDAE /* ConclusionSection.swift */; };
		8AD8F7BB296CAAC70041EDAE /* ConclusionSectionItem.swift in Sources */ = {isa = PBXBuildFile; fileRef = 8AD8F7BA296CAAC70041EDAE /* ConclusionSectionItem.swift */; };
		8AD8F7BD296CB1C80041EDAE /* ConclusionModel.swift in Sources */ = {isa = PBXBuildFile; fileRef = 8AD8F7BC296CB1C80041EDAE /* ConclusionModel.swift */; };
		8AD8F7BF296CB8150041EDAE /* ConclusionControllerModel.swift in Sources */ = {isa = PBXBuildFile; fileRef = 8AD8F7BE296CB8150041EDAE /* ConclusionControllerModel.swift */; };
		8AD8F7C2296CE52A0041EDAE /* StraightSimplexService.swift in Sources */ = {isa = PBXBuildFile; fileRef = 8AD8F7C1296CE52A0041EDAE /* StraightSimplexService.swift */; };
		8AD8F7C8296D099C0041EDAE /* TextWithTitleCollectionCell.swift in Sources */ = {isa = PBXBuildFile; fileRef = 8AD8F7C7296D099C0041EDAE /* TextWithTitleCollectionCell.swift */; };
		8AD8F7CA296D0A500041EDAE /* TextWithTitleCollectionCellViewModel.swift in Sources */ = {isa = PBXBuildFile; fileRef = 8AD8F7C9296D0A500041EDAE /* TextWithTitleCollectionCellViewModel.swift */; };
		8AF5AA292958CF4E00B75D4B /* MockController.swift in Sources */ = {isa = PBXBuildFile; fileRef = 8AF5AA282958CF4E00B75D4B /* MockController.swift */; };
		8AF5AA302958D65500B75D4B /* CustomTabBar.swift in Sources */ = {isa = PBXBuildFile; fileRef = 8AF5AA2F2958D65500B75D4B /* CustomTabBar.swift */; };
		8AF8C86A29536F04007246E2 /* UIView+Reusable.swift in Sources */ = {isa = PBXBuildFile; fileRef = 8AF8C86929536F04007246E2 /* UIView+Reusable.swift */; };
		8AF8C86C29536F62007246E2 /* Reusable.swift in Sources */ = {isa = PBXBuildFile; fileRef = 8AF8C86B29536F62007246E2 /* Reusable.swift */; };
		8AF8C86F29536FA3007246E2 /* UITableViewCell+Extension.swift in Sources */ = {isa = PBXBuildFile; fileRef = 8AF8C86E29536FA3007246E2 /* UITableViewCell+Extension.swift */; };
		8AF8C872295380C3007246E2 /* TitleCollectionCellViewModel.swift in Sources */ = {isa = PBXBuildFile; fileRef = 8AF8C871295380C3007246E2 /* TitleCollectionCellViewModel.swift */; };
		8AF8C87529538181007246E2 /* DividerCollectionCellViewModel.swift in Sources */ = {isa = PBXBuildFile; fileRef = 8AF8C87429538181007246E2 /* DividerCollectionCellViewModel.swift */; };
		8AF8C877295381D6007246E2 /* RadiobuttonCellProtocols.swift in Sources */ = {isa = PBXBuildFile; fileRef = 8AF8C876295381D6007246E2 /* RadiobuttonCellProtocols.swift */; };
		8AF8C87A295382BE007246E2 /* VariablesAndConstraintsCollectionCellViewModel.swift in Sources */ = {isa = PBXBuildFile; fileRef = 8AF8C879295382BE007246E2 /* VariablesAndConstraintsCollectionCellViewModel.swift */; };
		8AF8C87C295382D0007246E2 /* VariablesAndConstraintsCellProtocols.swift in Sources */ = {isa = PBXBuildFile; fileRef = 8AF8C87B295382D0007246E2 /* VariablesAndConstraintsCellProtocols.swift */; };
		8AF8C87F29538358007246E2 /* ButtonCollectionCellViewModel.swift in Sources */ = {isa = PBXBuildFile; fileRef = 8AF8C87E29538358007246E2 /* ButtonCollectionCellViewModel.swift */; };
		8AF8C88129538BA7007246E2 /* BottomLineTextField.swift in Sources */ = {isa = PBXBuildFile; fileRef = 8AF8C88029538BA7007246E2 /* BottomLineTextField.swift */; };
		8AF8C8852953AB59007246E2 /* ButtonCellProtocols.swift in Sources */ = {isa = PBXBuildFile; fileRef = 8AF8C8842953AB59007246E2 /* ButtonCellProtocols.swift */; };
		8AF8C88A2953B074007246E2 /* TitleCollectionHeader.swift in Sources */ = {isa = PBXBuildFile; fileRef = 8AF8C8892953B074007246E2 /* TitleCollectionHeader.swift */; };
		8AF8C88E2953B2F0007246E2 /* CollectionHeaderConstructor.swift in Sources */ = {isa = PBXBuildFile; fileRef = 8AF8C88D2953B2F0007246E2 /* CollectionHeaderConstructor.swift */; };
		8AF8C8902953B7E3007246E2 /* Fonts.swift in Sources */ = {isa = PBXBuildFile; fileRef = 8AF8C88F2953B7E3007246E2 /* Fonts.swift */; };
		8AF8C8AB2953BC02007246E2 /* Nunito-Medium.ttf in Resources */ = {isa = PBXBuildFile; fileRef = 8AF8C8A32953BC02007246E2 /* Nunito-Medium.ttf */; };
		8AF8C8AC2953BC02007246E2 /* Nunito-ExtraBold.ttf in Resources */ = {isa = PBXBuildFile; fileRef = 8AF8C8A42953BC02007246E2 /* Nunito-ExtraBold.ttf */; };
		8AF8C8AD2953BC02007246E2 /* Nunito-Light.ttf in Resources */ = {isa = PBXBuildFile; fileRef = 8AF8C8A52953BC02007246E2 /* Nunito-Light.ttf */; };
		8AF8C8AE2953BC02007246E2 /* Nunito-Regular.ttf in Resources */ = {isa = PBXBuildFile; fileRef = 8AF8C8A62953BC02007246E2 /* Nunito-Regular.ttf */; };
		8AF8C8AF2953BC02007246E2 /* Nunito-SemiBold.ttf in Resources */ = {isa = PBXBuildFile; fileRef = 8AF8C8A72953BC02007246E2 /* Nunito-SemiBold.ttf */; };
		8AF8C8B02953BC02007246E2 /* Nunito-Bold.ttf in Resources */ = {isa = PBXBuildFile; fileRef = 8AF8C8A82953BC02007246E2 /* Nunito-Bold.ttf */; };
		8AF8C8B12953BC02007246E2 /* Nunito-Black.ttf in Resources */ = {isa = PBXBuildFile; fileRef = 8AF8C8A92953BC02007246E2 /* Nunito-Black.ttf */; };
		8AF8C8B22953BC02007246E2 /* Nunito-ExtraLight.ttf in Resources */ = {isa = PBXBuildFile; fileRef = 8AF8C8AA2953BC02007246E2 /* Nunito-ExtraLight.ttf */; };
		D8A092C90C716E8849F098A6 /* Pods_MIO_lineika.framework in Frameworks */ = {isa = PBXBuildFile; fileRef = F4B124CA2ACD349AA63A5448 /* Pods_MIO_lineika.framework */; };
/* End PBXBuildFile section */

/* Begin PBXFileReference section */
		8A093F6D294D030C0088C9A1 /* XCAssets+Generated.swift */ = {isa = PBXFileReference; fileEncoding = 4; lastKnownFileType = sourcecode.swift; path = "XCAssets+Generated.swift"; sourceTree = "<group>"; };
		8A093F6E294D030C0088C9A1 /* Strings.swift */ = {isa = PBXFileReference; fileEncoding = 4; lastKnownFileType = sourcecode.swift; path = Strings.swift; sourceTree = "<group>"; };
		8A093F7E294D04260088C9A1 /* en */ = {isa = PBXFileReference; lastKnownFileType = text.plist.strings; name = en; path = Localize.strings; sourceTree = "<group>"; };
		8A0D8BE629573E7F0048FA63 /* MainSection.swift */ = {isa = PBXFileReference; lastKnownFileType = sourcecode.swift; path = MainSection.swift; sourceTree = "<group>"; };
		8A0D8BE829573E8D0048FA63 /* MainSectionItem.swift */ = {isa = PBXFileReference; lastKnownFileType = sourcecode.swift; path = MainSectionItem.swift; sourceTree = "<group>"; };
		8A1623ED294D1E690068744D /* TableCellViewModel.swift */ = {isa = PBXFileReference; lastKnownFileType = sourcecode.swift; path = TableCellViewModel.swift; sourceTree = "<group>"; };
		8A1623F5294D2A1B0068744D /* CollectionViewCell.swift */ = {isa = PBXFileReference; lastKnownFileType = sourcecode.swift; path = CollectionViewCell.swift; sourceTree = "<group>"; };
		8A1623F7294DE2490068744D /* Settings.swift */ = {isa = PBXFileReference; lastKnownFileType = sourcecode.swift; path = Settings.swift; sourceTree = "<group>"; };
		8A1623FB294DF49C0068744D /* TitleCollectionCell.swift */ = {isa = PBXFileReference; lastKnownFileType = sourcecode.swift; path = TitleCollectionCell.swift; sourceTree = "<group>"; };
		8A1623FE294DF9080068744D /* CollectionCellViewModelConstructor.swift */ = {isa = PBXFileReference; lastKnownFileType = sourcecode.swift; path = CollectionCellViewModelConstructor.swift; sourceTree = "<group>"; };
		8A162400294DFF720068744D /* UITableView+Extension.swift */ = {isa = PBXFileReference; lastKnownFileType = sourcecode.swift; path = "UITableView+Extension.swift"; sourceTree = "<group>"; };
		8A162402294E02D20068744D /* LightTheme.swift */ = {isa = PBXFileReference; lastKnownFileType = sourcecode.swift; path = LightTheme.swift; sourceTree = "<group>"; };
		8A162405294E03F00068744D /* DividerCollectionCell.swift */ = {isa = PBXFileReference; lastKnownFileType = sourcecode.swift; path = DividerCollectionCell.swift; sourceTree = "<group>"; };
		8A162408294E18460068744D /* VariablesConstraintsCollectionCell.swift */ = {isa = PBXFileReference; lastKnownFileType = sourcecode.swift; path = VariablesConstraintsCollectionCell.swift; sourceTree = "<group>"; };
		8A26FDBE295B2BE2007D7D14 /* MethodConfigurationControllerModel.swift */ = {isa = PBXFileReference; lastKnownFileType = sourcecode.swift; path = MethodConfigurationControllerModel.swift; sourceTree = "<group>"; };
		8A49B75A295274D500EA18C6 /* MainButton.swift */ = {isa = PBXFileReference; lastKnownFileType = sourcecode.swift; path = MainButton.swift; sourceTree = "<group>"; };
		8A49B75D2952817E00EA18C6 /* RadiobuttonCollectionCellViewModel.swift */ = {isa = PBXFileReference; lastKnownFileType = sourcecode.swift; path = RadiobuttonCollectionCellViewModel.swift; sourceTree = "<group>"; };
		8A4FD6862957BD1A009A6FCE /* MainViewControllerModel.swift */ = {isa = PBXFileReference; lastKnownFileType = sourcecode.swift; path = MainViewControllerModel.swift; sourceTree = "<group>"; };
		8A4FD68C29589823009A6FCE /* TabBarController.swift */ = {isa = PBXFileReference; lastKnownFileType = sourcecode.swift; path = TabBarController.swift; sourceTree = "<group>"; };
		8A5DA3C2295E2AC700CC88C0 /* FunctionInputCollectionCell.swift */ = {isa = PBXFileReference; lastKnownFileType = sourcecode.swift; path = FunctionInputCollectionCell.swift; sourceTree = "<group>"; };
		8A5DA3C5295E326300CC88C0 /* ConfigurableCollectionTextCell.swift */ = {isa = PBXFileReference; lastKnownFileType = sourcecode.swift; path = ConfigurableCollectionTextCell.swift; sourceTree = "<group>"; };
		8A5DA3C7295E373700CC88C0 /* ConfigurableCollectionTextCellViewModel.swift */ = {isa = PBXFileReference; lastKnownFileType = sourcecode.swift; path = ConfigurableCollectionTextCellViewModel.swift; sourceTree = "<group>"; };
		8A5DA3C9295E409400CC88C0 /* FunctionInputCollectionCellViewModel.swift */ = {isa = PBXFileReference; lastKnownFileType = sourcecode.swift; path = FunctionInputCollectionCellViewModel.swift; sourceTree = "<group>"; };
		8A5DA3CB295E44F900CC88C0 /* BottomLineTextFieldWithLabel.swift */ = {isa = PBXFileReference; lastKnownFileType = sourcecode.swift; path = BottomLineTextFieldWithLabel.swift; sourceTree = "<group>"; };
		8A5DA3CD295E523900CC88C0 /* FunctionInputCollectionCellProtocols.swift */ = {isa = PBXFileReference; lastKnownFileType = sourcecode.swift; path = FunctionInputCollectionCellProtocols.swift; sourceTree = "<group>"; };
		8A5DA3D0295E5FCA00CC88C0 /* ConstraintsSystemCollectionCell.swift */ = {isa = PBXFileReference; lastKnownFileType = sourcecode.swift; path = ConstraintsSystemCollectionCell.swift; sourceTree = "<group>"; };
		8A5DA3D2295E612300CC88C0 /* Base */ = {isa = PBXFileReference; lastKnownFileType = file.storyboard; name = Base; path = ../Base.lproj/LaunchScreen.storyboard; sourceTree = "<group>"; };
		8A5DA3D3295E681000CC88C0 /* ConstraintsSystemCollectionCellViewModel.swift */ = {isa = PBXFileReference; lastKnownFileType = sourcecode.swift; path = ConstraintsSystemCollectionCellViewModel.swift; sourceTree = "<group>"; };
		8A5DA3D5295EB15E00CC88C0 /* ConstraintsSystemCollectionCellProtocols.swift */ = {isa = PBXFileReference; lastKnownFileType = sourcecode.swift; path = ConstraintsSystemCollectionCellProtocols.swift; sourceTree = "<group>"; };
		8A5E5394295BA64C00EE58E4 /* MethodConfigurationCoordinator.swift */ = {isa = PBXFileReference; lastKnownFileType = sourcecode.swift; path = MethodConfigurationCoordinator.swift; sourceTree = "<group>"; };
		8A5E5396295BA97800EE58E4 /* SubtitleCollectionHeader.swift */ = {isa = PBXFileReference; lastKnownFileType = sourcecode.swift; path = SubtitleCollectionHeader.swift; sourceTree = "<group>"; };
		8A6CDB6F294E8B06005B2D7F /* ButtonCollectionCell.swift */ = {isa = PBXFileReference; lastKnownFileType = sourcecode.swift; path = ButtonCollectionCell.swift; sourceTree = "<group>"; };
		8A7810CA2A3E0B96007B9A62 /* ResultScreen.swift */ = {isa = PBXFileReference; lastKnownFileType = sourcecode.swift; path = ResultScreen.swift; sourceTree = "<group>"; };
		8A7810CC2A3E0C23007B9A62 /* ResultScreenCoordinator.swift */ = {isa = PBXFileReference; lastKnownFileType = sourcecode.swift; path = ResultScreenCoordinator.swift; sourceTree = "<group>"; };
		8A7810CF2A3E15FA007B9A62 /* GraphicMethodResultView.swift */ = {isa = PBXFileReference; lastKnownFileType = sourcecode.swift; path = GraphicMethodResultView.swift; sourceTree = "<group>"; };
		8A7810D22A3E1720007B9A62 /* ResultHeaderBubbleView.swift */ = {isa = PBXFileReference; lastKnownFileType = sourcecode.swift; path = ResultHeaderBubbleView.swift; sourceTree = "<group>"; };
		8A89701D295C6AE9009FAE22 /* BackBarButtonView.swift */ = {isa = PBXFileReference; lastKnownFileType = sourcecode.swift; path = BackBarButtonView.swift; sourceTree = "<group>"; };
		8A89701F295C7CFD009FAE22 /* UIImage+Extension.swift */ = {isa = PBXFileReference; lastKnownFileType = sourcecode.swift; path = "UIImage+Extension.swift"; sourceTree = "<group>"; };
		8AAA32412958FA4600AEAE4C /* UITabBar+Extension.swift */ = {isa = PBXFileReference; lastKnownFileType = sourcecode.swift; path = "UITabBar+Extension.swift"; sourceTree = "<group>"; };
		8AB42B19294BCD2500C04DF9 /* Theme.swift */ = {isa = PBXFileReference; lastKnownFileType = sourcecode.swift; path = Theme.swift; sourceTree = "<group>"; };
		8AB42B1B294BCD9500C04DF9 /* DesignManager.swift */ = {isa = PBXFileReference; lastKnownFileType = sourcecode.swift; path = DesignManager.swift; sourceTree = "<group>"; };
		8AB42B1E294BCE2700C04DF9 /* UIColor+Extension.swift */ = {isa = PBXFileReference; lastKnownFileType = sourcecode.swift; path = "UIColor+Extension.swift"; sourceTree = "<group>"; };
		8AB42B20294BCEE500C04DF9 /* SemanticColor.swift */ = {isa = PBXFileReference; lastKnownFileType = sourcecode.swift; path = SemanticColor.swift; sourceTree = "<group>"; };
		8AB42B22294BD1C300C04DF9 /* BaseController.swift */ = {isa = PBXFileReference; lastKnownFileType = sourcecode.swift; path = BaseController.swift; sourceTree = "<group>"; };
		8AB42B26294BD5D500C04DF9 /* ConfigurableItem.swift */ = {isa = PBXFileReference; lastKnownFileType = sourcecode.swift; path = ConfigurableItem.swift; sourceTree = "<group>"; };
		8AB42B2C294BD98900C04DF9 /* RadiobuttonCollectionCell.swift */ = {isa = PBXFileReference; lastKnownFileType = sourcecode.swift; path = RadiobuttonCollectionCell.swift; sourceTree = "<group>"; };
		8AC763C92959C37500B97A23 /* MethodConfigurationViewController.swift */ = {isa = PBXFileReference; lastKnownFileType = sourcecode.swift; path = MethodConfigurationViewController.swift; sourceTree = "<group>"; };
		8AC763CB2959C4A000B97A23 /* MethodConfigurationViewModel.swift */ = {isa = PBXFileReference; lastKnownFileType = sourcecode.swift; path = MethodConfigurationViewModel.swift; sourceTree = "<group>"; };
		8AC763CE2959C66B00B97A23 /* MethodConfigurationModel.swift */ = {isa = PBXFileReference; lastKnownFileType = sourcecode.swift; path = MethodConfigurationModel.swift; sourceTree = "<group>"; };
		8AC763D02959C82600B97A23 /* MethodConfigurationSection.swift */ = {isa = PBXFileReference; lastKnownFileType = sourcecode.swift; path = MethodConfigurationSection.swift; sourceTree = "<group>"; };
		8AC763D22959C84A00B97A23 /* MethodConfigurationSectionItem.swift */ = {isa = PBXFileReference; lastKnownFileType = sourcecode.swift; path = MethodConfigurationSectionItem.swift; sourceTree = "<group>"; };
		8AD07B3A294BB9560065E7D8 /* MIO-lineika.app */ = {isa = PBXFileReference; explicitFileType = wrapper.application; includeInIndex = 0; path = "MIO-lineika.app"; sourceTree = BUILT_PRODUCTS_DIR; };
		8AD07B3D294BB9560065E7D8 /* AppDelegate.swift */ = {isa = PBXFileReference; lastKnownFileType = sourcecode.swift; path = AppDelegate.swift; sourceTree = "<group>"; };
		8AD07B41294BB9560065E7D8 /* MainViewController.swift */ = {isa = PBXFileReference; lastKnownFileType = sourcecode.swift; path = MainViewController.swift; sourceTree = "<group>"; };
		8AD07B46294BB9570065E7D8 /* Assets.xcassets */ = {isa = PBXFileReference; lastKnownFileType = folder.assetcatalog; path = Assets.xcassets; sourceTree = "<group>"; };
		8AD07B4B294BB9570065E7D8 /* Info.plist */ = {isa = PBXFileReference; lastKnownFileType = text.plist.xml; path = Info.plist; sourceTree = "<group>"; };
		8AD07B55294BBD2C0065E7D8 /* MainViewModel.swift */ = {isa = PBXFileReference; lastKnownFileType = sourcecode.swift; path = MainViewModel.swift; sourceTree = "<group>"; };
		8AD07B58294BBD540065E7D8 /* MainCoordinator.swift */ = {isa = PBXFileReference; lastKnownFileType = sourcecode.swift; path = MainCoordinator.swift; sourceTree = "<group>"; };
		8AD8F7B1296CA9AF0041EDAE /* ConclusionCoordinator.swift */ = {isa = PBXFileReference; lastKnownFileType = sourcecode.swift; path = ConclusionCoordinator.swift; sourceTree = "<group>"; };
		8AD8F7B3296CAA500041EDAE /* ConclusionViewController.swift */ = {isa = PBXFileReference; lastKnownFileType = sourcecode.swift; path = ConclusionViewController.swift; sourceTree = "<group>"; };
		8AD8F7B6296CAA5A0041EDAE /* ConclusionViewModel.swift */ = {isa = PBXFileReference; lastKnownFileType = sourcecode.swift; path = ConclusionViewModel.swift; sourceTree = "<group>"; };
		8AD8F7B8296CAAC30041EDAE /* ConclusionSection.swift */ = {isa = PBXFileReference; lastKnownFileType = sourcecode.swift; path = ConclusionSection.swift; sourceTree = "<group>"; };
		8AD8F7BA296CAAC70041EDAE /* ConclusionSectionItem.swift */ = {isa = PBXFileReference; lastKnownFileType = sourcecode.swift; path = ConclusionSectionItem.swift; sourceTree = "<group>"; };
		8AD8F7BC296CB1C80041EDAE /* ConclusionModel.swift */ = {isa = PBXFileReference; lastKnownFileType = sourcecode.swift; path = ConclusionModel.swift; sourceTree = "<group>"; };
		8AD8F7BE296CB8150041EDAE /* ConclusionControllerModel.swift */ = {isa = PBXFileReference; lastKnownFileType = sourcecode.swift; path = ConclusionControllerModel.swift; sourceTree = "<group>"; };
		8AD8F7C1296CE52A0041EDAE /* StraightSimplexService.swift */ = {isa = PBXFileReference; lastKnownFileType = sourcecode.swift; path = StraightSimplexService.swift; sourceTree = "<group>"; };
		8AD8F7C7296D099C0041EDAE /* TextWithTitleCollectionCell.swift */ = {isa = PBXFileReference; lastKnownFileType = sourcecode.swift; path = TextWithTitleCollectionCell.swift; sourceTree = "<group>"; };
		8AD8F7C9296D0A500041EDAE /* TextWithTitleCollectionCellViewModel.swift */ = {isa = PBXFileReference; lastKnownFileType = sourcecode.swift; path = TextWithTitleCollectionCellViewModel.swift; sourceTree = "<group>"; };
		8AF5AA282958CF4E00B75D4B /* MockController.swift */ = {isa = PBXFileReference; lastKnownFileType = sourcecode.swift; path = MockController.swift; sourceTree = "<group>"; };
		8AF5AA2F2958D65500B75D4B /* CustomTabBar.swift */ = {isa = PBXFileReference; lastKnownFileType = sourcecode.swift; path = CustomTabBar.swift; sourceTree = "<group>"; };
		8AF8C86929536F04007246E2 /* UIView+Reusable.swift */ = {isa = PBXFileReference; lastKnownFileType = sourcecode.swift; path = "UIView+Reusable.swift"; sourceTree = "<group>"; };
		8AF8C86B29536F62007246E2 /* Reusable.swift */ = {isa = PBXFileReference; lastKnownFileType = sourcecode.swift; path = Reusable.swift; sourceTree = "<group>"; };
		8AF8C86E29536FA3007246E2 /* UITableViewCell+Extension.swift */ = {isa = PBXFileReference; lastKnownFileType = sourcecode.swift; path = "UITableViewCell+Extension.swift"; sourceTree = "<group>"; };
		8AF8C871295380C3007246E2 /* TitleCollectionCellViewModel.swift */ = {isa = PBXFileReference; lastKnownFileType = sourcecode.swift; path = TitleCollectionCellViewModel.swift; sourceTree = "<group>"; };
		8AF8C87429538181007246E2 /* DividerCollectionCellViewModel.swift */ = {isa = PBXFileReference; lastKnownFileType = sourcecode.swift; path = DividerCollectionCellViewModel.swift; sourceTree = "<group>"; };
		8AF8C876295381D6007246E2 /* RadiobuttonCellProtocols.swift */ = {isa = PBXFileReference; lastKnownFileType = sourcecode.swift; path = RadiobuttonCellProtocols.swift; sourceTree = "<group>"; };
		8AF8C879295382BE007246E2 /* VariablesAndConstraintsCollectionCellViewModel.swift */ = {isa = PBXFileReference; lastKnownFileType = sourcecode.swift; path = VariablesAndConstraintsCollectionCellViewModel.swift; sourceTree = "<group>"; };
		8AF8C87B295382D0007246E2 /* VariablesAndConstraintsCellProtocols.swift */ = {isa = PBXFileReference; lastKnownFileType = sourcecode.swift; path = VariablesAndConstraintsCellProtocols.swift; sourceTree = "<group>"; };
		8AF8C87E29538358007246E2 /* ButtonCollectionCellViewModel.swift */ = {isa = PBXFileReference; lastKnownFileType = sourcecode.swift; path = ButtonCollectionCellViewModel.swift; sourceTree = "<group>"; };
		8AF8C88029538BA7007246E2 /* BottomLineTextField.swift */ = {isa = PBXFileReference; lastKnownFileType = sourcecode.swift; path = BottomLineTextField.swift; sourceTree = "<group>"; };
		8AF8C8842953AB59007246E2 /* ButtonCellProtocols.swift */ = {isa = PBXFileReference; lastKnownFileType = sourcecode.swift; path = ButtonCellProtocols.swift; sourceTree = "<group>"; };
		8AF8C8892953B074007246E2 /* TitleCollectionHeader.swift */ = {isa = PBXFileReference; lastKnownFileType = sourcecode.swift; path = TitleCollectionHeader.swift; sourceTree = "<group>"; };
		8AF8C88D2953B2F0007246E2 /* CollectionHeaderConstructor.swift */ = {isa = PBXFileReference; lastKnownFileType = sourcecode.swift; path = CollectionHeaderConstructor.swift; sourceTree = "<group>"; };
		8AF8C88F2953B7E3007246E2 /* Fonts.swift */ = {isa = PBXFileReference; fileEncoding = 4; lastKnownFileType = sourcecode.swift; path = Fonts.swift; sourceTree = "<group>"; };
		8AF8C8A32953BC02007246E2 /* Nunito-Medium.ttf */ = {isa = PBXFileReference; lastKnownFileType = file; path = "Nunito-Medium.ttf"; sourceTree = "<group>"; };
		8AF8C8A42953BC02007246E2 /* Nunito-ExtraBold.ttf */ = {isa = PBXFileReference; lastKnownFileType = file; path = "Nunito-ExtraBold.ttf"; sourceTree = "<group>"; };
		8AF8C8A52953BC02007246E2 /* Nunito-Light.ttf */ = {isa = PBXFileReference; lastKnownFileType = file; path = "Nunito-Light.ttf"; sourceTree = "<group>"; };
		8AF8C8A62953BC02007246E2 /* Nunito-Regular.ttf */ = {isa = PBXFileReference; lastKnownFileType = file; path = "Nunito-Regular.ttf"; sourceTree = "<group>"; };
		8AF8C8A72953BC02007246E2 /* Nunito-SemiBold.ttf */ = {isa = PBXFileReference; lastKnownFileType = file; path = "Nunito-SemiBold.ttf"; sourceTree = "<group>"; };
		8AF8C8A82953BC02007246E2 /* Nunito-Bold.ttf */ = {isa = PBXFileReference; lastKnownFileType = file; path = "Nunito-Bold.ttf"; sourceTree = "<group>"; };
		8AF8C8A92953BC02007246E2 /* Nunito-Black.ttf */ = {isa = PBXFileReference; lastKnownFileType = file; path = "Nunito-Black.ttf"; sourceTree = "<group>"; };
		8AF8C8AA2953BC02007246E2 /* Nunito-ExtraLight.ttf */ = {isa = PBXFileReference; lastKnownFileType = file; path = "Nunito-ExtraLight.ttf"; sourceTree = "<group>"; };
		CC19E05BC1C01E5DCE7A8EA2 /* Pods-MIO-lineika.release.xcconfig */ = {isa = PBXFileReference; includeInIndex = 1; lastKnownFileType = text.xcconfig; name = "Pods-MIO-lineika.release.xcconfig"; path = "Target Support Files/Pods-MIO-lineika/Pods-MIO-lineika.release.xcconfig"; sourceTree = "<group>"; };
		EC375CF9809B23AB1AAEDFCD /* Pods-MIO-lineika.debug.xcconfig */ = {isa = PBXFileReference; includeInIndex = 1; lastKnownFileType = text.xcconfig; name = "Pods-MIO-lineika.debug.xcconfig"; path = "Target Support Files/Pods-MIO-lineika/Pods-MIO-lineika.debug.xcconfig"; sourceTree = "<group>"; };
		F4B124CA2ACD349AA63A5448 /* Pods_MIO_lineika.framework */ = {isa = PBXFileReference; explicitFileType = wrapper.framework; includeInIndex = 0; path = Pods_MIO_lineika.framework; sourceTree = BUILT_PRODUCTS_DIR; };
/* End PBXFileReference section */

/* Begin PBXFrameworksBuildPhase section */
		8AD07B37294BB9560065E7D8 /* Frameworks */ = {
			isa = PBXFrameworksBuildPhase;
			buildActionMask = 2147483647;
			files = (
				D8A092C90C716E8849F098A6 /* Pods_MIO_lineika.framework in Frameworks */,
			);
			runOnlyForDeploymentPostprocessing = 0;
		};
/* End PBXFrameworksBuildPhase section */

/* Begin PBXGroup section */
		8A093F3C294CFA530088C9A1 /* Sources */ = {
			isa = PBXGroup;
			children = (
				8A093F3E294CFA5D0088C9A1 /* Generated */,
				8A093F3D294CFA580088C9A1 /* Resources */,
			);
			path = Sources;
			sourceTree = "<group>";
		};
		8A093F3D294CFA580088C9A1 /* Resources */ = {
			isa = PBXGroup;
			children = (
				8AF8C8A22953BC02007246E2 /* Fonts */,
				8A093F3F294CFA710088C9A1 /* Localize */,
				8AD07B46294BB9570065E7D8 /* Assets.xcassets */,
			);
			path = Resources;
			sourceTree = "<group>";
		};
		8A093F3E294CFA5D0088C9A1 /* Generated */ = {
			isa = PBXGroup;
			children = (
				8AF8C88F2953B7E3007246E2 /* Fonts.swift */,
				8A093F6E294D030C0088C9A1 /* Strings.swift */,
				8A093F6D294D030C0088C9A1 /* XCAssets+Generated.swift */,
			);
			path = Generated;
			sourceTree = "<group>";
		};
		8A093F3F294CFA710088C9A1 /* Localize */ = {
			isa = PBXGroup;
			children = (
				8A093F7A294D04260088C9A1 /* en.lproj */,
			);
			path = Localize;
			sourceTree = "<group>";
		};
		8A093F7A294D04260088C9A1 /* en.lproj */ = {
			isa = PBXGroup;
			children = (
				8A093F7B294D04260088C9A1 /* LaunchScreen.storyboard */,
				8A093F7D294D04260088C9A1 /* Localize.strings */,
			);
			path = en.lproj;
			sourceTree = "<group>";
		};
		8A0D8BE529573E740048FA63 /* Models */ = {
			isa = PBXGroup;
			children = (
				8A0D8BE629573E7F0048FA63 /* MainSection.swift */,
				8A0D8BE829573E8D0048FA63 /* MainSectionItem.swift */,
				8A4FD6862957BD1A009A6FCE /* MainViewControllerModel.swift */,
			);
			path = Models;
			sourceTree = "<group>";
		};
		8A1623E7294D17FC0068744D /* Cells */ = {
			isa = PBXGroup;
			children = (
				8A1623FD294DF8FB0068744D /* Constructor  */,
				8AD8F7C6296D09880041EDAE /* TextWithTitleCell */,
				8A5DA3CF295E5FB400CC88C0 /* ConstraintsSystemCell */,
				8A5DA3C4295E325400CC88C0 /* ConfigurableTextCell */,
				8A5DA3C1295E2AB500CC88C0 /* FunctionCell */,
				8AF8C87D2953834A007246E2 /* ButtonCell */,
				8AF8C878295382A2007246E2 /* VariablesAndConstraintsCell */,
				8AF8C87329538171007246E2 /* DividerCell */,
				8AF8C870295380A8007246E2 /* TitleCell */,
				8A49B75C2952816400EA18C6 /* RadiobuttonCell */,
			);
			path = Cells;
			sourceTree = "<group>";
		};
		8A1623FD294DF8FB0068744D /* Constructor  */ = {
			isa = PBXGroup;
			children = (
				8A1623FE294DF9080068744D /* CollectionCellViewModelConstructor.swift */,
			);
			path = "Constructor ";
			sourceTree = "<group>";
		};
		8A49B759295274C800EA18C6 /* ReusableItems */ = {
			isa = PBXGroup;
			children = (
				8A49B75A295274D500EA18C6 /* MainButton.swift */,
				8AF8C88029538BA7007246E2 /* BottomLineTextField.swift */,
				8A5DA3CB295E44F900CC88C0 /* BottomLineTextFieldWithLabel.swift */,
			);
			path = ReusableItems;
			sourceTree = "<group>";
		};
		8A49B75C2952816400EA18C6 /* RadiobuttonCell */ = {
			isa = PBXGroup;
			children = (
				8AB42B2C294BD98900C04DF9 /* RadiobuttonCollectionCell.swift */,
				8A49B75D2952817E00EA18C6 /* RadiobuttonCollectionCellViewModel.swift */,
				8AF8C876295381D6007246E2 /* RadiobuttonCellProtocols.swift */,
			);
			path = RadiobuttonCell;
			sourceTree = "<group>";
		};
		8A4FD68B29589817009A6FCE /* TabBar */ = {
			isa = PBXGroup;
			children = (
				8A4FD68C29589823009A6FCE /* TabBarController.swift */,
				8AF5AA2F2958D65500B75D4B /* CustomTabBar.swift */,
			);
			path = TabBar;
			sourceTree = "<group>";
		};
		8A5DA3C1295E2AB500CC88C0 /* FunctionCell */ = {
			isa = PBXGroup;
			children = (
				8A5DA3C2295E2AC700CC88C0 /* FunctionInputCollectionCell.swift */,
				8A5DA3C9295E409400CC88C0 /* FunctionInputCollectionCellViewModel.swift */,
				8A5DA3CD295E523900CC88C0 /* FunctionInputCollectionCellProtocols.swift */,
			);
			path = FunctionCell;
			sourceTree = "<group>";
		};
		8A5DA3C4295E325400CC88C0 /* ConfigurableTextCell */ = {
			isa = PBXGroup;
			children = (
				8A5DA3C5295E326300CC88C0 /* ConfigurableCollectionTextCell.swift */,
				8A5DA3C7295E373700CC88C0 /* ConfigurableCollectionTextCellViewModel.swift */,
			);
			path = ConfigurableTextCell;
			sourceTree = "<group>";
		};
		8A5DA3CF295E5FB400CC88C0 /* ConstraintsSystemCell */ = {
			isa = PBXGroup;
			children = (
				8A5DA3D0295E5FCA00CC88C0 /* ConstraintsSystemCollectionCell.swift */,
				8A5DA3D3295E681000CC88C0 /* ConstraintsSystemCollectionCellViewModel.swift */,
				8A5DA3D5295EB15E00CC88C0 /* ConstraintsSystemCollectionCellProtocols.swift */,
			);
			path = ConstraintsSystemCell;
			sourceTree = "<group>";
		};
		8A7810C92A3E0B86007B9A62 /* ResultScreen */ = {
			isa = PBXGroup;
			children = (
				8A7810CA2A3E0B96007B9A62 /* ResultScreen.swift */,
				8A7810CC2A3E0C23007B9A62 /* ResultScreenCoordinator.swift */,
				8A7810CE2A3E1595007B9A62 /* MethodsViews */,
			);
			path = ResultScreen;
			sourceTree = "<group>";
		};
		8A7810CE2A3E1595007B9A62 /* MethodsViews */ = {
			isa = PBXGroup;
			children = (
				8A7810CF2A3E15FA007B9A62 /* GraphicMethodResultView.swift */,
				8A7810D12A3E16F8007B9A62 /* Subviews */,
			);
			path = MethodsViews;
			sourceTree = "<group>";
		};
		8A7810D12A3E16F8007B9A62 /* Subviews */ = {
			isa = PBXGroup;
			children = (
				8A7810D22A3E1720007B9A62 /* ResultHeaderBubbleView.swift */,
			);
			path = Subviews;
			sourceTree = "<group>";
		};
		8AB42B15294BCC8800C04DF9 /* DesignSystem */ = {
			isa = PBXGroup;
			children = (
				8AF8C8882953B05D007246E2 /* Headers */,
				8AF8C8872953B04D007246E2 /* Manager */,
				8AF8C8862953B044007246E2 /* Theme */,
				8AF8C86D29536F78007246E2 /* Color */,
				8A49B759295274C800EA18C6 /* ReusableItems */,
				8A1623E7294D17FC0068744D /* Cells */,
				8AB42B1D294BCE1B00C04DF9 /* Extensions */,
			);
			path = DesignSystem;
			sourceTree = "<group>";
		};
		8AB42B16294BCC9700C04DF9 /* Base */ = {
			isa = PBXGroup;
			children = (
				8AB42B22294BD1C300C04DF9 /* BaseController.swift */,
				8A1623F7294DE2490068744D /* Settings.swift */,
				8AB42B26294BD5D500C04DF9 /* ConfigurableItem.swift */,
				8A1623F5294D2A1B0068744D /* CollectionViewCell.swift */,
				8AF8C86B29536F62007246E2 /* Reusable.swift */,
				8AF8C86E29536FA3007246E2 /* UITableViewCell+Extension.swift */,
				8A1623ED294D1E690068744D /* TableCellViewModel.swift */,
				8A162400294DFF720068744D /* UITableView+Extension.swift */,
				8AF8C86929536F04007246E2 /* UIView+Reusable.swift */,
				8AAA32412958FA4600AEAE4C /* UITabBar+Extension.swift */,
				8A89701D295C6AE9009FAE22 /* BackBarButtonView.swift */,
				8A89701F295C7CFD009FAE22 /* UIImage+Extension.swift */,
			);
			path = Base;
			sourceTree = "<group>";
		};
		8AB42B1D294BCE1B00C04DF9 /* Extensions */ = {
			isa = PBXGroup;
			children = (
				8AB42B1E294BCE2700C04DF9 /* UIColor+Extension.swift */,
			);
			path = Extensions;
			sourceTree = "<group>";
		};
		8AC763C62959C31900B97A23 /* MethodConfigurationScreen */ = {
			isa = PBXGroup;
			children = (
				8A5E5394295BA64C00EE58E4 /* MethodConfigurationCoordinator.swift */,
				8AC763CD2959C65F00B97A23 /* Models */,
				8AC763C82959C32900B97A23 /* ViewModel */,
				8AC763C72959C32500B97A23 /* View */,
			);
			path = MethodConfigurationScreen;
			sourceTree = "<group>";
		};
		8AC763C72959C32500B97A23 /* View */ = {
			isa = PBXGroup;
			children = (
				8AC763C92959C37500B97A23 /* MethodConfigurationViewController.swift */,
			);
			path = View;
			sourceTree = "<group>";
		};
		8AC763C82959C32900B97A23 /* ViewModel */ = {
			isa = PBXGroup;
			children = (
				8AC763CB2959C4A000B97A23 /* MethodConfigurationViewModel.swift */,
			);
			path = ViewModel;
			sourceTree = "<group>";
		};
		8AC763CD2959C65F00B97A23 /* Models */ = {
			isa = PBXGroup;
			children = (
				8AC763CE2959C66B00B97A23 /* MethodConfigurationModel.swift */,
				8AC763D02959C82600B97A23 /* MethodConfigurationSection.swift */,
				8AC763D22959C84A00B97A23 /* MethodConfigurationSectionItem.swift */,
				8A26FDBE295B2BE2007D7D14 /* MethodConfigurationControllerModel.swift */,
			);
			path = Models;
			sourceTree = "<group>";
		};
		8AD07B31294BB9560065E7D8 = {
			isa = PBXGroup;
			children = (
				8AD07B3C294BB9560065E7D8 /* MIO-lineika */,
				8AD07B3B294BB9560065E7D8 /* Products */,
				A4C51B3AE6B8EE2E3FE02BDD /* Pods */,
				8B8ED28B7D94D74F78DE0970 /* Frameworks */,
			);
			sourceTree = "<group>";
		};
		8AD07B3B294BB9560065E7D8 /* Products */ = {
			isa = PBXGroup;
			children = (
				8AD07B3A294BB9560065E7D8 /* MIO-lineika.app */,
			);
			name = Products;
			sourceTree = "<group>";
		};
		8AD07B3C294BB9560065E7D8 /* MIO-lineika */ = {
			isa = PBXGroup;
			children = (
				8A093F3C294CFA530088C9A1 /* Sources */,
				8AB42B16294BCC9700C04DF9 /* Base */,
				8AB42B15294BCC8800C04DF9 /* DesignSystem */,
				8AD07B51294BBD090065E7D8 /* Modules */,
				8AD07B3D294BB9560065E7D8 /* AppDelegate.swift */,
				8AD07B4B294BB9570065E7D8 /* Info.plist */,
			);
			path = "MIO-lineika";
			sourceTree = "<group>";
		};
		8AD07B51294BBD090065E7D8 /* Modules */ = {
			isa = PBXGroup;
			children = (
				8AD8F7C0296CE50B0041EDAE /* Services */,
				8A7810C92A3E0B86007B9A62 /* ResultScreen */,
				8AD8F7AD296CA95B0041EDAE /* ConclusionScreen */,
				8AC763C62959C31900B97A23 /* MethodConfigurationScreen */,
				8AF5AA272958CF4400B75D4B /* MockControllers */,
				8A4FD68B29589817009A6FCE /* TabBar */,
				8AD07B52294BBD0F0065E7D8 /* MainScreen */,
			);
			path = Modules;
			sourceTree = "<group>";
		};
		8AD07B52294BBD0F0065E7D8 /* MainScreen */ = {
			isa = PBXGroup;
			children = (
				8AD07B58294BBD540065E7D8 /* MainCoordinator.swift */,
				8A0D8BE529573E740048FA63 /* Models */,
				8AD07B54294BBD1C0065E7D8 /* ViewModel */,
				8AD07B53294BBD180065E7D8 /* View */,
			);
			path = MainScreen;
			sourceTree = "<group>";
		};
		8AD07B53294BBD180065E7D8 /* View */ = {
			isa = PBXGroup;
			children = (
				8AD07B41294BB9560065E7D8 /* MainViewController.swift */,
			);
			path = View;
			sourceTree = "<group>";
		};
		8AD07B54294BBD1C0065E7D8 /* ViewModel */ = {
			isa = PBXGroup;
			children = (
				8AD07B55294BBD2C0065E7D8 /* MainViewModel.swift */,
			);
			path = ViewModel;
			sourceTree = "<group>";
		};
		8AD8F7AD296CA95B0041EDAE /* ConclusionScreen */ = {
			isa = PBXGroup;
			children = (
				8AD8F7B1296CA9AF0041EDAE /* ConclusionCoordinator.swift */,
				8AD8F7B0296CA9A20041EDAE /* Model */,
				8AD8F7AF296CA99E0041EDAE /* ViewModel */,
				8AD8F7AE296CA99B0041EDAE /* View */,
			);
			path = ConclusionScreen;
			sourceTree = "<group>";
		};
		8AD8F7AE296CA99B0041EDAE /* View */ = {
			isa = PBXGroup;
			children = (
				8AD8F7B3296CAA500041EDAE /* ConclusionViewController.swift */,
			);
			path = View;
			sourceTree = "<group>";
		};
		8AD8F7AF296CA99E0041EDAE /* ViewModel */ = {
			isa = PBXGroup;
			children = (
				8AD8F7B6296CAA5A0041EDAE /* ConclusionViewModel.swift */,
			);
			path = ViewModel;
			sourceTree = "<group>";
		};
		8AD8F7B0296CA9A20041EDAE /* Model */ = {
			isa = PBXGroup;
			children = (
				8AD8F7B8296CAAC30041EDAE /* ConclusionSection.swift */,
				8AD8F7BA296CAAC70041EDAE /* ConclusionSectionItem.swift */,
				8AD8F7BC296CB1C80041EDAE /* ConclusionModel.swift */,
				8AD8F7BE296CB8150041EDAE /* ConclusionControllerModel.swift */,
			);
			path = Model;
			sourceTree = "<group>";
		};
		8AD8F7C0296CE50B0041EDAE /* Services */ = {
			isa = PBXGroup;
			children = (
				8AD8F7C3296CE8EA0041EDAE /* StraightSimplex */,
			);
			path = Services;
			sourceTree = "<group>";
		};
		8AD8F7C3296CE8EA0041EDAE /* StraightSimplex */ = {
			isa = PBXGroup;
			children = (
				8AD8F7C1296CE52A0041EDAE /* StraightSimplexService.swift */,
			);
			path = StraightSimplex;
			sourceTree = "<group>";
		};
		8AD8F7C6296D09880041EDAE /* TextWithTitleCell */ = {
			isa = PBXGroup;
			children = (
				8AD8F7C7296D099C0041EDAE /* TextWithTitleCollectionCell.swift */,
				8AD8F7C9296D0A500041EDAE /* TextWithTitleCollectionCellViewModel.swift */,
			);
			path = TextWithTitleCell;
			sourceTree = "<group>";
		};
		8AF5AA272958CF4400B75D4B /* MockControllers */ = {
			isa = PBXGroup;
			children = (
				8AF5AA282958CF4E00B75D4B /* MockController.swift */,
			);
			path = MockControllers;
			sourceTree = "<group>";
		};
		8AF8C86D29536F78007246E2 /* Color */ = {
			isa = PBXGroup;
			children = (
				8AB42B20294BCEE500C04DF9 /* SemanticColor.swift */,
			);
			path = Color;
			sourceTree = "<group>";
		};
		8AF8C870295380A8007246E2 /* TitleCell */ = {
			isa = PBXGroup;
			children = (
				8A1623FB294DF49C0068744D /* TitleCollectionCell.swift */,
				8AF8C871295380C3007246E2 /* TitleCollectionCellViewModel.swift */,
			);
			path = TitleCell;
			sourceTree = "<group>";
		};
		8AF8C87329538171007246E2 /* DividerCell */ = {
			isa = PBXGroup;
			children = (
				8A162405294E03F00068744D /* DividerCollectionCell.swift */,
				8AF8C87429538181007246E2 /* DividerCollectionCellViewModel.swift */,
			);
			path = DividerCell;
			sourceTree = "<group>";
		};
		8AF8C878295382A2007246E2 /* VariablesAndConstraintsCell */ = {
			isa = PBXGroup;
			children = (
				8A162408294E18460068744D /* VariablesConstraintsCollectionCell.swift */,
				8AF8C879295382BE007246E2 /* VariablesAndConstraintsCollectionCellViewModel.swift */,
				8AF8C87B295382D0007246E2 /* VariablesAndConstraintsCellProtocols.swift */,
			);
			path = VariablesAndConstraintsCell;
			sourceTree = "<group>";
		};
		8AF8C87D2953834A007246E2 /* ButtonCell */ = {
			isa = PBXGroup;
			children = (
				8A6CDB6F294E8B06005B2D7F /* ButtonCollectionCell.swift */,
				8AF8C87E29538358007246E2 /* ButtonCollectionCellViewModel.swift */,
				8AF8C8842953AB59007246E2 /* ButtonCellProtocols.swift */,
			);
			path = ButtonCell;
			sourceTree = "<group>";
		};
		8AF8C8862953B044007246E2 /* Theme */ = {
			isa = PBXGroup;
			children = (
				8AB42B19294BCD2500C04DF9 /* Theme.swift */,
				8A162402294E02D20068744D /* LightTheme.swift */,
			);
			path = Theme;
			sourceTree = "<group>";
		};
		8AF8C8872953B04D007246E2 /* Manager */ = {
			isa = PBXGroup;
			children = (
				8AB42B1B294BCD9500C04DF9 /* DesignManager.swift */,
			);
			path = Manager;
			sourceTree = "<group>";
		};
		8AF8C8882953B05D007246E2 /* Headers */ = {
			isa = PBXGroup;
			children = (
				8AF8C88C2953B2E3007246E2 /* Constructor */,
				8AF8C88B2953B2DD007246E2 /* TitleTableHeader */,
			);
			path = Headers;
			sourceTree = "<group>";
		};
		8AF8C88B2953B2DD007246E2 /* TitleTableHeader */ = {
			isa = PBXGroup;
			children = (
				8AF8C8892953B074007246E2 /* TitleCollectionHeader.swift */,
				8A5E5396295BA97800EE58E4 /* SubtitleCollectionHeader.swift */,
			);
			path = TitleTableHeader;
			sourceTree = "<group>";
		};
		8AF8C88C2953B2E3007246E2 /* Constructor */ = {
			isa = PBXGroup;
			children = (
				8AF8C88D2953B2F0007246E2 /* CollectionHeaderConstructor.swift */,
			);
			path = Constructor;
			sourceTree = "<group>";
		};
		8AF8C8A22953BC02007246E2 /* Fonts */ = {
			isa = PBXGroup;
			children = (
				8AF8C8A32953BC02007246E2 /* Nunito-Medium.ttf */,
				8AF8C8A42953BC02007246E2 /* Nunito-ExtraBold.ttf */,
				8AF8C8A52953BC02007246E2 /* Nunito-Light.ttf */,
				8AF8C8A62953BC02007246E2 /* Nunito-Regular.ttf */,
				8AF8C8A72953BC02007246E2 /* Nunito-SemiBold.ttf */,
				8AF8C8A82953BC02007246E2 /* Nunito-Bold.ttf */,
				8AF8C8A92953BC02007246E2 /* Nunito-Black.ttf */,
				8AF8C8AA2953BC02007246E2 /* Nunito-ExtraLight.ttf */,
			);
			path = Fonts;
			sourceTree = "<group>";
		};
		8B8ED28B7D94D74F78DE0970 /* Frameworks */ = {
			isa = PBXGroup;
			children = (
				F4B124CA2ACD349AA63A5448 /* Pods_MIO_lineika.framework */,
			);
			name = Frameworks;
			sourceTree = "<group>";
		};
		A4C51B3AE6B8EE2E3FE02BDD /* Pods */ = {
			isa = PBXGroup;
			children = (
				EC375CF9809B23AB1AAEDFCD /* Pods-MIO-lineika.debug.xcconfig */,
				CC19E05BC1C01E5DCE7A8EA2 /* Pods-MIO-lineika.release.xcconfig */,
			);
			path = Pods;
			sourceTree = "<group>";
		};
/* End PBXGroup section */

/* Begin PBXNativeTarget section */
		8AD07B39294BB9560065E7D8 /* MIO-lineika */ = {
			isa = PBXNativeTarget;
			buildConfigurationList = 8AD07B4E294BB9570065E7D8 /* Build configuration list for PBXNativeTarget "MIO-lineika" */;
			buildPhases = (
				A85EB2DC471BEBCD2350A984 /* [CP] Check Pods Manifest.lock */,
				8AD07B36294BB9560065E7D8 /* Sources */,
				8AD07B37294BB9560065E7D8 /* Frameworks */,
				8AD07B38294BB9560065E7D8 /* Resources */,
				8A093F3B294CF1F80088C9A1 /* SwiftGen */,
				46C53CD943C39FCC8EC80FA1 /* [CP] Embed Pods Frameworks */,
			);
			buildRules = (
			);
			dependencies = (
			);
			name = "MIO-lineika";
			productName = "MIO-lineika";
			productReference = 8AD07B3A294BB9560065E7D8 /* MIO-lineika.app */;
			productType = "com.apple.product-type.application";
		};
/* End PBXNativeTarget section */

/* Begin PBXProject section */
		8AD07B32294BB9560065E7D8 /* Project object */ = {
			isa = PBXProject;
			attributes = {
				BuildIndependentTargetsInParallel = 1;
				LastSwiftUpdateCheck = 1420;
				LastUpgradeCheck = 1420;
				TargetAttributes = {
					8AD07B39294BB9560065E7D8 = {
						CreatedOnToolsVersion = 14.2;
					};
				};
			};
			buildConfigurationList = 8AD07B35294BB9560065E7D8 /* Build configuration list for PBXProject "MIO-lineika" */;
			compatibilityVersion = "Xcode 13.0";
			developmentRegion = en;
			hasScannedForEncodings = 0;
			knownRegions = (
				en,
				Base,
			);
			mainGroup = 8AD07B31294BB9560065E7D8;
			productRefGroup = 8AD07B3B294BB9560065E7D8 /* Products */;
			projectDirPath = "";
			projectRoot = "";
			targets = (
				8AD07B39294BB9560065E7D8 /* MIO-lineika */,
			);
		};
/* End PBXProject section */

/* Begin PBXResourcesBuildPhase section */
		8AD07B38294BB9560065E7D8 /* Resources */ = {
			isa = PBXResourcesBuildPhase;
			buildActionMask = 2147483647;
			files = (
				8AF8C8AF2953BC02007246E2 /* Nunito-SemiBold.ttf in Resources */,
				8AF8C8B12953BC02007246E2 /* Nunito-Black.ttf in Resources */,
				8AF8C8AB2953BC02007246E2 /* Nunito-Medium.ttf in Resources */,
				8A093F7F294D04260088C9A1 /* LaunchScreen.storyboard in Resources */,
				8AF8C8B22953BC02007246E2 /* Nunito-ExtraLight.ttf in Resources */,
				8AF8C8AD2953BC02007246E2 /* Nunito-Light.ttf in Resources */,
				8AF8C8B02953BC02007246E2 /* Nunito-Bold.ttf in Resources */,
				8AF8C8AC2953BC02007246E2 /* Nunito-ExtraBold.ttf in Resources */,
				8AF8C8AE2953BC02007246E2 /* Nunito-Regular.ttf in Resources */,
				8AD07B47294BB9570065E7D8 /* Assets.xcassets in Resources */,
				8A093F80294D04260088C9A1 /* Localize.strings in Resources */,
			);
			runOnlyForDeploymentPostprocessing = 0;
		};
/* End PBXResourcesBuildPhase section */

/* Begin PBXShellScriptBuildPhase section */
		46C53CD943C39FCC8EC80FA1 /* [CP] Embed Pods Frameworks */ = {
			isa = PBXShellScriptBuildPhase;
			buildActionMask = 2147483647;
			files = (
			);
			inputFileListPaths = (
				"${PODS_ROOT}/Target Support Files/Pods-MIO-lineika/Pods-MIO-lineika-frameworks-${CONFIGURATION}-input-files.xcfilelist",
			);
			name = "[CP] Embed Pods Frameworks";
			outputFileListPaths = (
				"${PODS_ROOT}/Target Support Files/Pods-MIO-lineika/Pods-MIO-lineika-frameworks-${CONFIGURATION}-output-files.xcfilelist",
			);
			runOnlyForDeploymentPostprocessing = 0;
			shellPath = /bin/sh;
			shellScript = "\"${PODS_ROOT}/Target Support Files/Pods-MIO-lineika/Pods-MIO-lineika-frameworks.sh\"\n";
			showEnvVarsInLog = 0;
		};
		8A093F3B294CF1F80088C9A1 /* SwiftGen */ = {
			isa = PBXShellScriptBuildPhase;
			alwaysOutOfDate = 1;
			buildActionMask = 12;
			files = (
			);
			inputFileListPaths = (
			);
			inputPaths = (
			);
			name = SwiftGen;
			outputFileListPaths = (
			);
			outputPaths = (
			);
			runOnlyForDeploymentPostprocessing = 0;
			shellPath = /bin/sh;
			shellScript = "if [[ -f \"${PODS_ROOT}/SwiftGen/bin/swiftgen\" ]]; then\n  \"${PODS_ROOT}/SwiftGen/bin/swiftgen\"\nelse\n  echo \"warning: SwiftGen is not installed. Run 'pod install --repo-update' to install it.\"\nfi\n";
		};
		A85EB2DC471BEBCD2350A984 /* [CP] Check Pods Manifest.lock */ = {
			isa = PBXShellScriptBuildPhase;
			buildActionMask = 2147483647;
			files = (
			);
			inputFileListPaths = (
			);
			inputPaths = (
				"${PODS_PODFILE_DIR_PATH}/Podfile.lock",
				"${PODS_ROOT}/Manifest.lock",
			);
			name = "[CP] Check Pods Manifest.lock";
			outputFileListPaths = (
			);
			outputPaths = (
				"$(DERIVED_FILE_DIR)/Pods-MIO-lineika-checkManifestLockResult.txt",
			);
			runOnlyForDeploymentPostprocessing = 0;
			shellPath = /bin/sh;
			shellScript = "diff \"${PODS_PODFILE_DIR_PATH}/Podfile.lock\" \"${PODS_ROOT}/Manifest.lock\" > /dev/null\nif [ $? != 0 ] ; then\n    # print error to STDERR\n    echo \"error: The sandbox is not in sync with the Podfile.lock. Run 'pod install' or update your CocoaPods installation.\" >&2\n    exit 1\nfi\n# This output is used by Xcode 'outputs' to avoid re-running this script phase.\necho \"SUCCESS\" > \"${SCRIPT_OUTPUT_FILE_0}\"\n";
			showEnvVarsInLog = 0;
		};
/* End PBXShellScriptBuildPhase section */

/* Begin PBXSourcesBuildPhase section */
		8AD07B36294BB9560065E7D8 /* Sources */ = {
			isa = PBXSourcesBuildPhase;
			buildActionMask = 2147483647;
			files = (
				8A5DA3C3295E2AC700CC88C0 /* FunctionInputCollectionCell.swift in Sources */,
				8A5DA3C6295E326300CC88C0 /* ConfigurableCollectionTextCell.swift in Sources */,
				8A5E5397295BA97800EE58E4 /* SubtitleCollectionHeader.swift in Sources */,
				8AF8C872295380C3007246E2 /* TitleCollectionCellViewModel.swift in Sources */,
				8A4FD6872957BD1A009A6FCE /* MainViewControllerModel.swift in Sources */,
				8AD07B42294BB9560065E7D8 /* MainViewController.swift in Sources */,
				8AF5AA302958D65500B75D4B /* CustomTabBar.swift in Sources */,
				8A5DA3CA295E409400CC88C0 /* FunctionInputCollectionCellViewModel.swift in Sources */,
				8A5DA3CE295E523900CC88C0 /* FunctionInputCollectionCellProtocols.swift in Sources */,
				8AF8C86F29536FA3007246E2 /* UITableViewCell+Extension.swift in Sources */,
				8A0D8BE929573E8D0048FA63 /* MainSectionItem.swift in Sources */,
				8AB42B21294BCEE500C04DF9 /* SemanticColor.swift in Sources */,
				8AC763CF2959C66B00B97A23 /* MethodConfigurationModel.swift in Sources */,
				8AC763D12959C82600B97A23 /* MethodConfigurationSection.swift in Sources */,
				8A0D8BE729573E7F0048FA63 /* MainSection.swift in Sources */,
				8AD8F7B9296CAAC30041EDAE /* ConclusionSection.swift in Sources */,
				8A162409294E18460068744D /* VariablesConstraintsCollectionCell.swift in Sources */,
				8AD8F7BB296CAAC70041EDAE /* ConclusionSectionItem.swift in Sources */,
				8AD8F7C8296D099C0041EDAE /* TextWithTitleCollectionCell.swift in Sources */,
				8A162401294DFF720068744D /* UITableView+Extension.swift in Sources */,
				8A5DA3CC295E44F900CC88C0 /* BottomLineTextFieldWithLabel.swift in Sources */,
				8AB42B23294BD1C300C04DF9 /* BaseController.swift in Sources */,
				8A5DA3D6295EB15E00CC88C0 /* ConstraintsSystemCollectionCellProtocols.swift in Sources */,
				8AF8C88A2953B074007246E2 /* TitleCollectionHeader.swift in Sources */,
				8AD07B59294BBD540065E7D8 /* MainCoordinator.swift in Sources */,
				8AF8C86A29536F04007246E2 /* UIView+Reusable.swift in Sources */,
				8AD8F7B4296CAA500041EDAE /* ConclusionViewController.swift in Sources */,
				8AF8C8852953AB59007246E2 /* ButtonCellProtocols.swift in Sources */,
				8AB42B1C294BCD9500C04DF9 /* DesignManager.swift in Sources */,
				8AD8F7BF296CB8150041EDAE /* ConclusionControllerModel.swift in Sources */,
				8A26FDBF295B2BE2007D7D14 /* MethodConfigurationControllerModel.swift in Sources */,
				8AF8C877295381D6007246E2 /* RadiobuttonCellProtocols.swift in Sources */,
				8A1623F8294DE2490068744D /* Settings.swift in Sources */,
				8A1623FF294DF9080068744D /* CollectionCellViewModelConstructor.swift in Sources */,
				8A1623EE294D1E690068744D /* TableCellViewModel.swift in Sources */,
				8A162406294E03F00068744D /* DividerCollectionCell.swift in Sources */,
				8A6CDB70294E8B06005B2D7F /* ButtonCollectionCell.swift in Sources */,
				8AF8C87529538181007246E2 /* DividerCollectionCellViewModel.swift in Sources */,
				8AD8F7B2296CA9AF0041EDAE /* ConclusionCoordinator.swift in Sources */,
				8AF8C8902953B7E3007246E2 /* Fonts.swift in Sources */,
				8A7810CB2A3E0B96007B9A62 /* ResultScreen.swift in Sources */,
				8A093F6F294D030C0088C9A1 /* XCAssets+Generated.swift in Sources */,
				8AC763CC2959C4A000B97A23 /* MethodConfigurationViewModel.swift in Sources */,
				8A49B75E2952817E00EA18C6 /* RadiobuttonCollectionCellViewModel.swift in Sources */,
				8AF5AA292958CF4E00B75D4B /* MockController.swift in Sources */,
				8AF8C88E2953B2F0007246E2 /* CollectionHeaderConstructor.swift in Sources */,
				8AC763D32959C84A00B97A23 /* MethodConfigurationSectionItem.swift in Sources */,
				8A162403294E02D20068744D /* LightTheme.swift in Sources */,
				8A5DA3D1295E5FCA00CC88C0 /* ConstraintsSystemCollectionCell.swift in Sources */,
				8A7810D32A3E1720007B9A62 /* ResultHeaderBubbleView.swift in Sources */,
				8A093F70294D030C0088C9A1 /* Strings.swift in Sources */,
				8AD8F7C2296CE52A0041EDAE /* StraightSimplexService.swift in Sources */,
				8AD8F7B7296CAA5A0041EDAE /* ConclusionViewModel.swift in Sources */,
				8A5DA3C8295E373700CC88C0 /* ConfigurableCollectionTextCellViewModel.swift in Sources */,
				8A4FD68D29589823009A6FCE /* TabBarController.swift in Sources */,
				8AB42B1A294BCD2500C04DF9 /* Theme.swift in Sources */,
				8AAA32422958FA4600AEAE4C /* UITabBar+Extension.swift in Sources */,
				8AD8F7BD296CB1C80041EDAE /* ConclusionModel.swift in Sources */,
				8AF8C87A295382BE007246E2 /* VariablesAndConstraintsCollectionCellViewModel.swift in Sources */,
				8AF8C88129538BA7007246E2 /* BottomLineTextField.swift in Sources */,
				8AB42B27294BD5D500C04DF9 /* ConfigurableItem.swift in Sources */,
				8AD07B3E294BB9560065E7D8 /* AppDelegate.swift in Sources */,
				8A897020295C7CFD009FAE22 /* UIImage+Extension.swift in Sources */,
				8AB42B2D294BD98900C04DF9 /* RadiobuttonCollectionCell.swift in Sources */,
				8A7810CD2A3E0C24007B9A62 /* ResultScreenCoordinator.swift in Sources */,
				8A89701E295C6AE9009FAE22 /* BackBarButtonView.swift in Sources */,
				8A1623F6294D2A1B0068744D /* CollectionViewCell.swift in Sources */,
				8A1623FC294DF49C0068744D /* TitleCollectionCell.swift in Sources */,
				8AD07B56294BBD2C0065E7D8 /* MainViewModel.swift in Sources */,
				8AC763CA2959C37500B97A23 /* MethodConfigurationViewController.swift in Sources */,
				8AD8F7CA296D0A500041EDAE /* TextWithTitleCollectionCellViewModel.swift in Sources */,
				8AF8C86C29536F62007246E2 /* Reusable.swift in Sources */,
				8A49B75B295274D500EA18C6 /* MainButton.swift in Sources */,
				8AB42B1F294BCE2700C04DF9 /* UIColor+Extension.swift in Sources */,
				8AF8C87F29538358007246E2 /* ButtonCollectionCellViewModel.swift in Sources */,
				8A5E5395295BA64C00EE58E4 /* MethodConfigurationCoordinator.swift in Sources */,
				8A7810D02A3E15FA007B9A62 /* GraphicMethodResultView.swift in Sources */,
				8A5DA3D4295E681000CC88C0 /* ConstraintsSystemCollectionCellViewModel.swift in Sources */,
				8AF8C87C295382D0007246E2 /* VariablesAndConstraintsCellProtocols.swift in Sources */,
			);
			runOnlyForDeploymentPostprocessing = 0;
		};
/* End PBXSourcesBuildPhase section */

/* Begin PBXVariantGroup section */
		8A093F7B294D04260088C9A1 /* LaunchScreen.storyboard */ = {
			isa = PBXVariantGroup;
			children = (
				8A5DA3D2295E612300CC88C0 /* Base */,
			);
			name = LaunchScreen.storyboard;
			sourceTree = "<group>";
		};
		8A093F7D294D04260088C9A1 /* Localize.strings */ = {
			isa = PBXVariantGroup;
			children = (
				8A093F7E294D04260088C9A1 /* en */,
			);
			name = Localize.strings;
			sourceTree = "<group>";
		};
/* End PBXVariantGroup section */

/* Begin XCBuildConfiguration section */
		8AD07B4C294BB9570065E7D8 /* Debug */ = {
			isa = XCBuildConfiguration;
			buildSettings = {
				ALWAYS_SEARCH_USER_PATHS = NO;
				CLANG_ANALYZER_LOCALIZABILITY_NONLOCALIZED = YES;
				CLANG_ANALYZER_NONNULL = YES;
				CLANG_ANALYZER_NUMBER_OBJECT_CONVERSION = YES_AGGRESSIVE;
				CLANG_CXX_LANGUAGE_STANDARD = "gnu++20";
				CLANG_ENABLE_MODULES = YES;
				CLANG_ENABLE_OBJC_ARC = YES;
				CLANG_ENABLE_OBJC_WEAK = YES;
				CLANG_WARN_BLOCK_CAPTURE_AUTORELEASING = YES;
				CLANG_WARN_BOOL_CONVERSION = YES;
				CLANG_WARN_COMMA = YES;
				CLANG_WARN_CONSTANT_CONVERSION = YES;
				CLANG_WARN_DEPRECATED_OBJC_IMPLEMENTATIONS = YES;
				CLANG_WARN_DIRECT_OBJC_ISA_USAGE = YES_ERROR;
				CLANG_WARN_DOCUMENTATION_COMMENTS = YES;
				CLANG_WARN_EMPTY_BODY = YES;
				CLANG_WARN_ENUM_CONVERSION = YES;
				CLANG_WARN_INFINITE_RECURSION = YES;
				CLANG_WARN_INT_CONVERSION = YES;
				CLANG_WARN_NON_LITERAL_NULL_CONVERSION = YES;
				CLANG_WARN_OBJC_IMPLICIT_RETAIN_SELF = YES;
				CLANG_WARN_OBJC_LITERAL_CONVERSION = YES;
				CLANG_WARN_OBJC_ROOT_CLASS = YES_ERROR;
				CLANG_WARN_QUOTED_INCLUDE_IN_FRAMEWORK_HEADER = YES;
				CLANG_WARN_RANGE_LOOP_ANALYSIS = YES;
				CLANG_WARN_STRICT_PROTOTYPES = YES;
				CLANG_WARN_SUSPICIOUS_MOVE = YES;
				CLANG_WARN_UNGUARDED_AVAILABILITY = YES_AGGRESSIVE;
				CLANG_WARN_UNREACHABLE_CODE = YES;
				CLANG_WARN__DUPLICATE_METHOD_MATCH = YES;
				COPY_PHASE_STRIP = NO;
				DEBUG_INFORMATION_FORMAT = dwarf;
				ENABLE_STRICT_OBJC_MSGSEND = YES;
				ENABLE_TESTABILITY = YES;
				GCC_C_LANGUAGE_STANDARD = gnu11;
				GCC_DYNAMIC_NO_PIC = NO;
				GCC_NO_COMMON_BLOCKS = YES;
				GCC_OPTIMIZATION_LEVEL = 0;
				GCC_PREPROCESSOR_DEFINITIONS = (
					"DEBUG=1",
					"$(inherited)",
				);
				GCC_WARN_64_TO_32_BIT_CONVERSION = YES;
				GCC_WARN_ABOUT_RETURN_TYPE = YES_ERROR;
				GCC_WARN_UNDECLARED_SELECTOR = YES;
				GCC_WARN_UNINITIALIZED_AUTOS = YES_AGGRESSIVE;
				GCC_WARN_UNUSED_FUNCTION = YES;
				GCC_WARN_UNUSED_VARIABLE = YES;
				IPHONEOS_DEPLOYMENT_TARGET = 16.2;
				MTL_ENABLE_DEBUG_INFO = INCLUDE_SOURCE;
				MTL_FAST_MATH = YES;
				ONLY_ACTIVE_ARCH = YES;
				SDKROOT = iphoneos;
				SWIFT_ACTIVE_COMPILATION_CONDITIONS = DEBUG;
				SWIFT_OPTIMIZATION_LEVEL = "-Onone";
			};
			name = Debug;
		};
		8AD07B4D294BB9570065E7D8 /* Release */ = {
			isa = XCBuildConfiguration;
			buildSettings = {
				ALWAYS_SEARCH_USER_PATHS = NO;
				CLANG_ANALYZER_LOCALIZABILITY_NONLOCALIZED = YES;
				CLANG_ANALYZER_NONNULL = YES;
				CLANG_ANALYZER_NUMBER_OBJECT_CONVERSION = YES_AGGRESSIVE;
				CLANG_CXX_LANGUAGE_STANDARD = "gnu++20";
				CLANG_ENABLE_MODULES = YES;
				CLANG_ENABLE_OBJC_ARC = YES;
				CLANG_ENABLE_OBJC_WEAK = YES;
				CLANG_WARN_BLOCK_CAPTURE_AUTORELEASING = YES;
				CLANG_WARN_BOOL_CONVERSION = YES;
				CLANG_WARN_COMMA = YES;
				CLANG_WARN_CONSTANT_CONVERSION = YES;
				CLANG_WARN_DEPRECATED_OBJC_IMPLEMENTATIONS = YES;
				CLANG_WARN_DIRECT_OBJC_ISA_USAGE = YES_ERROR;
				CLANG_WARN_DOCUMENTATION_COMMENTS = YES;
				CLANG_WARN_EMPTY_BODY = YES;
				CLANG_WARN_ENUM_CONVERSION = YES;
				CLANG_WARN_INFINITE_RECURSION = YES;
				CLANG_WARN_INT_CONVERSION = YES;
				CLANG_WARN_NON_LITERAL_NULL_CONVERSION = YES;
				CLANG_WARN_OBJC_IMPLICIT_RETAIN_SELF = YES;
				CLANG_WARN_OBJC_LITERAL_CONVERSION = YES;
				CLANG_WARN_OBJC_ROOT_CLASS = YES_ERROR;
				CLANG_WARN_QUOTED_INCLUDE_IN_FRAMEWORK_HEADER = YES;
				CLANG_WARN_RANGE_LOOP_ANALYSIS = YES;
				CLANG_WARN_STRICT_PROTOTYPES = YES;
				CLANG_WARN_SUSPICIOUS_MOVE = YES;
				CLANG_WARN_UNGUARDED_AVAILABILITY = YES_AGGRESSIVE;
				CLANG_WARN_UNREACHABLE_CODE = YES;
				CLANG_WARN__DUPLICATE_METHOD_MATCH = YES;
				COPY_PHASE_STRIP = NO;
				DEBUG_INFORMATION_FORMAT = "dwarf-with-dsym";
				ENABLE_NS_ASSERTIONS = NO;
				ENABLE_STRICT_OBJC_MSGSEND = YES;
				GCC_C_LANGUAGE_STANDARD = gnu11;
				GCC_NO_COMMON_BLOCKS = YES;
				GCC_WARN_64_TO_32_BIT_CONVERSION = YES;
				GCC_WARN_ABOUT_RETURN_TYPE = YES_ERROR;
				GCC_WARN_UNDECLARED_SELECTOR = YES;
				GCC_WARN_UNINITIALIZED_AUTOS = YES_AGGRESSIVE;
				GCC_WARN_UNUSED_FUNCTION = YES;
				GCC_WARN_UNUSED_VARIABLE = YES;
				IPHONEOS_DEPLOYMENT_TARGET = 16.2;
				MTL_ENABLE_DEBUG_INFO = NO;
				MTL_FAST_MATH = YES;
				SDKROOT = iphoneos;
				SWIFT_COMPILATION_MODE = wholemodule;
				SWIFT_OPTIMIZATION_LEVEL = "-O";
				VALIDATE_PRODUCT = YES;
			};
			name = Release;
		};
		8AD07B4F294BB9570065E7D8 /* Debug */ = {
			isa = XCBuildConfiguration;
			baseConfigurationReference = EC375CF9809B23AB1AAEDFCD /* Pods-MIO-lineika.debug.xcconfig */;
			buildSettings = {
				ASSETCATALOG_COMPILER_APPICON_NAME = AppIcon;
				ASSETCATALOG_COMPILER_GLOBAL_ACCENT_COLOR_NAME = AccentColor;
				CODE_SIGN_STYLE = Automatic;
				CURRENT_PROJECT_VERSION = 1;
				DEVELOPMENT_TEAM = 6C4272876R;
				GENERATE_INFOPLIST_FILE = YES;
				INFOPLIST_FILE = "MIO-lineika/Info.plist";
				INFOPLIST_KEY_LSApplicationCategoryType = "public.app-category.education";
				INFOPLIST_KEY_UIApplicationSupportsIndirectInputEvents = YES;
				INFOPLIST_KEY_UILaunchStoryboardName = LaunchScreen.storyboard;
				INFOPLIST_KEY_UISupportedInterfaceOrientations_iPad = "UIInterfaceOrientationPortrait UIInterfaceOrientationPortraitUpsideDown UIInterfaceOrientationLandscapeLeft UIInterfaceOrientationLandscapeRight";
				INFOPLIST_KEY_UISupportedInterfaceOrientations_iPhone = "UIInterfaceOrientationPortrait UIInterfaceOrientationLandscapeLeft UIInterfaceOrientationLandscapeRight";
				IPHONEOS_DEPLOYMENT_TARGET = 15.5;
				LD_RUNPATH_SEARCH_PATHS = (
					"$(inherited)",
					"@executable_path/Frameworks",
				);
				MARKETING_VERSION = 1.0;
				PRODUCT_BUNDLE_IDENTIFIER = "org.alexey.zubkov.MIO-lineika";
				PRODUCT_NAME = "$(TARGET_NAME)";
				SWIFT_EMIT_LOC_STRINGS = YES;
				SWIFT_VERSION = 5.0;
				TARGETED_DEVICE_FAMILY = "1,2";
			};
			name = Debug;
		};
		8AD07B50294BB9570065E7D8 /* Release */ = {
			isa = XCBuildConfiguration;
			baseConfigurationReference = CC19E05BC1C01E5DCE7A8EA2 /* Pods-MIO-lineika.release.xcconfig */;
			buildSettings = {
				ASSETCATALOG_COMPILER_APPICON_NAME = AppIcon;
				ASSETCATALOG_COMPILER_GLOBAL_ACCENT_COLOR_NAME = AccentColor;
				CODE_SIGN_STYLE = Automatic;
				CURRENT_PROJECT_VERSION = 1;
				DEVELOPMENT_TEAM = 6C4272876R;
				GENERATE_INFOPLIST_FILE = YES;
				INFOPLIST_FILE = "MIO-lineika/Info.plist";
				INFOPLIST_KEY_LSApplicationCategoryType = "public.app-category.education";
				INFOPLIST_KEY_UIApplicationSupportsIndirectInputEvents = YES;
				INFOPLIST_KEY_UILaunchStoryboardName = LaunchScreen.storyboard;
				INFOPLIST_KEY_UISupportedInterfaceOrientations_iPad = "UIInterfaceOrientationPortrait UIInterfaceOrientationPortraitUpsideDown UIInterfaceOrientationLandscapeLeft UIInterfaceOrientationLandscapeRight";
				INFOPLIST_KEY_UISupportedInterfaceOrientations_iPhone = "UIInterfaceOrientationPortrait UIInterfaceOrientationLandscapeLeft UIInterfaceOrientationLandscapeRight";
				IPHONEOS_DEPLOYMENT_TARGET = 15.5;
				LD_RUNPATH_SEARCH_PATHS = (
					"$(inherited)",
					"@executable_path/Frameworks",
				);
				MARKETING_VERSION = 1.0;
				PRODUCT_BUNDLE_IDENTIFIER = "org.alexey.zubkov.MIO-lineika";
				PRODUCT_NAME = "$(TARGET_NAME)";
				SWIFT_EMIT_LOC_STRINGS = YES;
				SWIFT_VERSION = 5.0;
				TARGETED_DEVICE_FAMILY = "1,2";
			};
			name = Release;
		};
/* End XCBuildConfiguration section */

/* Begin XCConfigurationList section */
		8AD07B35294BB9560065E7D8 /* Build configuration list for PBXProject "MIO-lineika" */ = {
			isa = XCConfigurationList;
			buildConfigurations = (
				8AD07B4C294BB9570065E7D8 /* Debug */,
				8AD07B4D294BB9570065E7D8 /* Release */,
			);
			defaultConfigurationIsVisible = 0;
			defaultConfigurationName = Release;
		};
		8AD07B4E294BB9570065E7D8 /* Build configuration list for PBXNativeTarget "MIO-lineika" */ = {
			isa = XCConfigurationList;
			buildConfigurations = (
				8AD07B4F294BB9570065E7D8 /* Debug */,
				8AD07B50294BB9570065E7D8 /* Release */,
			);
			defaultConfigurationIsVisible = 0;
			defaultConfigurationName = Release;
		};
/* End XCConfigurationList section */
	};
	rootObject = 8AD07B32294BB9560065E7D8 /* Project object */;
}
